// !$*UTF8*$!
{
	archiveVersion = 1;
	classes = {
	};
	objectVersion = 51;
	objects = {

/* Begin PBXBuildFile section */
		D2D9F4EAC985840DD48231BB /* Pods_CVApp.framework in Frameworks */ = {isa = PBXBuildFile; fileRef = FDA78819A7188A06D90BD6AD /* Pods_CVApp.framework */; };
		DB1BC6752449E51500FCA643 /* StringsLocalizeService.swift in Sources */ = {isa = PBXBuildFile; fileRef = DB1BC6742449E51500FCA643 /* StringsLocalizeService.swift */; };
		DB1BC6772449E5ED00FCA643 /* CurrentLanguageChangedNotifier.swift in Sources */ = {isa = PBXBuildFile; fileRef = DB1BC6762449E5ED00FCA643 /* CurrentLanguageChangedNotifier.swift */; };
		DB1BC67B2449E81A00FCA643 /* ChangeLanguageVC.swift in Sources */ = {isa = PBXBuildFile; fileRef = DB1BC67A2449E81A00FCA643 /* ChangeLanguageVC.swift */; };
		DB1BC67D2449E82C00FCA643 /* ChangeLanguageView.swift in Sources */ = {isa = PBXBuildFile; fileRef = DB1BC67C2449E82C00FCA643 /* ChangeLanguageView.swift */; };
		DB1BC67F2449E99E00FCA643 /* ChangeLanguageCoordinator.swift in Sources */ = {isa = PBXBuildFile; fileRef = DB1BC67E2449E99E00FCA643 /* ChangeLanguageCoordinator.swift */; };
		DB1BC6812449EE1100FCA643 /* CurrentLanguageCacheWorker.swift in Sources */ = {isa = PBXBuildFile; fileRef = DB1BC6802449EE1100FCA643 /* CurrentLanguageCacheWorker.swift */; };
		DB1BC6882449FC1400FCA643 /* Localizable.strings in Resources */ = {isa = PBXBuildFile; fileRef = DB1BC68A2449FC1400FCA643 /* Localizable.strings */; };
		DB1BC690244AAB0E00FCA643 /* Array+Extension.swift in Sources */ = {isa = PBXBuildFile; fileRef = DB1BC68F244AAB0E00FCA643 /* Array+Extension.swift */; };
		DB1BC695244AB05B00FCA643 /* UserDetailsItemView.swift in Sources */ = {isa = PBXBuildFile; fileRef = DB1BC694244AB05B00FCA643 /* UserDetailsItemView.swift */; };
		DB1BC697244AB2E100FCA643 /* UIFont+Extension.swift in Sources */ = {isa = PBXBuildFile; fileRef = DB1BC696244AB2E100FCA643 /* UIFont+Extension.swift */; };
		DB1BC699244AB39C00FCA643 /* UserDetailsItemCellConfigurator.swift in Sources */ = {isa = PBXBuildFile; fileRef = DB1BC698244AB39C00FCA643 /* UserDetailsItemCellConfigurator.swift */; };
		DB1BC69C244AB81700FCA643 /* ContactItemView.swift in Sources */ = {isa = PBXBuildFile; fileRef = DB1BC69B244AB81700FCA643 /* ContactItemView.swift */; };
		DB1BC69E244AB9EF00FCA643 /* ContactItemCellConfigurator.swift in Sources */ = {isa = PBXBuildFile; fileRef = DB1BC69D244AB9EF00FCA643 /* ContactItemCellConfigurator.swift */; };
		DB1BC6A3244ABFF800FCA643 /* HeaderItemView.swift in Sources */ = {isa = PBXBuildFile; fileRef = DB1BC6A2244ABFF800FCA643 /* HeaderItemView.swift */; };
		DB1BC6A5244AC0D300FCA643 /* HeaderItemCellConfigurator.swift in Sources */ = {isa = PBXBuildFile; fileRef = DB1BC6A4244AC0D300FCA643 /* HeaderItemCellConfigurator.swift */; };
		DB7D30A9244046DA007E5F0A /* ChangeNameVC.swift in Sources */ = {isa = PBXBuildFile; fileRef = DB7D30A8244046DA007E5F0A /* ChangeNameVC.swift */; };
		DB7D30AF244169EF007E5F0A /* AppCoordinator.swift in Sources */ = {isa = PBXBuildFile; fileRef = DB7D30AE244169EF007E5F0A /* AppCoordinator.swift */; };
		DB7D30B124416D37007E5F0A /* SkillsListCoordinator.swift in Sources */ = {isa = PBXBuildFile; fileRef = DB7D30B024416D37007E5F0A /* SkillsListCoordinator.swift */; };
		DB8257DB24416E7E00A0CF60 /* MainTabBarCoordinator.swift in Sources */ = {isa = PBXBuildFile; fileRef = DB8257DA24416E7E00A0CF60 /* MainTabBarCoordinator.swift */; };
		DB8257DD24416F4300A0CF60 /* SettingsCoordinator.swift in Sources */ = {isa = PBXBuildFile; fileRef = DB8257DC24416F4300A0CF60 /* SettingsCoordinator.swift */; };
		DB8257E3244175A600A0CF60 /* ChangeNameCoordinator.swift in Sources */ = {isa = PBXBuildFile; fileRef = DB8257E2244175A600A0CF60 /* ChangeNameCoordinator.swift */; };
		DB8257E6244176F900A0CF60 /* UIViewController+Navigation.swift in Sources */ = {isa = PBXBuildFile; fileRef = DB8257E5244176F900A0CF60 /* UIViewController+Navigation.swift */; };
		DB8257E824418BAE00A0CF60 /* TableViewController.swift in Sources */ = {isa = PBXBuildFile; fileRef = DB8257E724418BAE00A0CF60 /* TableViewController.swift */; };
		DB8257EA24418E4400A0CF60 /* TableCellConfigurator.swift in Sources */ = {isa = PBXBuildFile; fileRef = DB8257E924418E4400A0CF60 /* TableCellConfigurator.swift */; };
		DB8257EC24418EAE00A0CF60 /* ContainerTableCell.swift in Sources */ = {isa = PBXBuildFile; fileRef = DB8257EB24418EAE00A0CF60 /* ContainerTableCell.swift */; };
		DB8257EF244190E400A0CF60 /* VoidAction.swift in Sources */ = {isa = PBXBuildFile; fileRef = DB8257EE244190E400A0CF60 /* VoidAction.swift */; };
		DB8257F12441ABE100A0CF60 /* SkillsListView.swift in Sources */ = {isa = PBXBuildFile; fileRef = DB8257F02441ABE100A0CF60 /* SkillsListView.swift */; };
		DB8257F92441B0C200A0CF60 /* AssetsFactory.swift in Sources */ = {isa = PBXBuildFile; fileRef = DB8257F82441B0C200A0CF60 /* AssetsFactory.swift */; };
		DB8257FB2441B6B100A0CF60 /* AuthPhoneInputView.swift in Sources */ = {isa = PBXBuildFile; fileRef = DB8257FA2441B6B100A0CF60 /* AuthPhoneInputView.swift */; };
		DB8257FF2441B70900A0CF60 /* AuthPhoneInputCoordinator.swift in Sources */ = {isa = PBXBuildFile; fileRef = DB8257FE2441B70900A0CF60 /* AuthPhoneInputCoordinator.swift */; };
		DB8258032441C5C800A0CF60 /* UIButton+Extension.swift in Sources */ = {isa = PBXBuildFile; fileRef = DB8258022441C5C800A0CF60 /* UIButton+Extension.swift */; };
		DB8258052441F4EC00A0CF60 /* RequestOTPWebAPIWorker.swift in Sources */ = {isa = PBXBuildFile; fileRef = DB8258042441F4EC00A0CF60 /* RequestOTPWebAPIWorker.swift */; };
		DB8258072441F60100A0CF60 /* URLSessionWebAPIWorker.swift in Sources */ = {isa = PBXBuildFile; fileRef = DB8258062441F60100A0CF60 /* URLSessionWebAPIWorker.swift */; };
		DB82580A2441F73D00A0CF60 /* URLRequestComposer.swift in Sources */ = {isa = PBXBuildFile; fileRef = DB8258092441F73D00A0CF60 /* URLRequestComposer.swift */; };
		DB82580C2441F98E00A0CF60 /* WebAPIWorkersFactory.swift in Sources */ = {isa = PBXBuildFile; fileRef = DB82580B2441F98E00A0CF60 /* WebAPIWorkersFactory.swift */; };
		DB8258172441FD5000A0CF60 /* WebAPIResult.swift in Sources */ = {isa = PBXBuildFile; fileRef = DB8258162441FD5000A0CF60 /* WebAPIResult.swift */; };
		DB82581D2441FE1300A0CF60 /* ServiceResult.swift in Sources */ = {isa = PBXBuildFile; fileRef = DB82581C2441FE1300A0CF60 /* ServiceResult.swift */; };
		DB82582424430F7700A0CF60 /* ServiceError.swift in Sources */ = {isa = PBXBuildFile; fileRef = DB82582324430F7700A0CF60 /* ServiceError.swift */; };
		DB82582624430F8C00A0CF60 /* WebAPIError.swift in Sources */ = {isa = PBXBuildFile; fileRef = DB82582524430F8C00A0CF60 /* WebAPIError.swift */; };
		DB82582824430F9F00A0CF60 /* CacheError.swift in Sources */ = {isa = PBXBuildFile; fileRef = DB82582724430F9F00A0CF60 /* CacheError.swift */; };
		DB82582B2443105500A0CF60 /* CacheResult.swift in Sources */ = {isa = PBXBuildFile; fileRef = DB82582A2443105500A0CF60 /* CacheResult.swift */; };
		DB82582D2443116B00A0CF60 /* RequestOTPService.swift in Sources */ = {isa = PBXBuildFile; fileRef = DB82582C2443116B00A0CF60 /* RequestOTPService.swift */; };
		DB9B9D97243845B6005AB990 /* Assets.xcassets in Resources */ = {isa = PBXBuildFile; fileRef = DB9B9D96243845B6005AB990 /* Assets.xcassets */; };
		DB9B9D9A243845B6005AB990 /* LaunchScreen.storyboard in Resources */ = {isa = PBXBuildFile; fileRef = DB9B9D98243845B6005AB990 /* LaunchScreen.storyboard */; };
		DB9B9DAA243846A7005AB990 /* MainTabBarController.swift in Sources */ = {isa = PBXBuildFile; fileRef = DB9B9DA9243846A7005AB990 /* MainTabBarController.swift */; };
		DB9B9DAC24384735005AB990 /* SkillsListVC.swift in Sources */ = {isa = PBXBuildFile; fileRef = DB9B9DAB24384735005AB990 /* SkillsListVC.swift */; };
		DB9B9DB024384768005AB990 /* ScreenController.swift in Sources */ = {isa = PBXBuildFile; fileRef = DB9B9DAF24384768005AB990 /* ScreenController.swift */; };
		DB9B9DB22438479F005AB990 /* SettingsVC.swift in Sources */ = {isa = PBXBuildFile; fileRef = DB9B9DB12438479F005AB990 /* SettingsVC.swift */; };
		DB9B9DB424385BFE005AB990 /* SwipeNavigationController.swift in Sources */ = {isa = PBXBuildFile; fileRef = DB9B9DB324385BFE005AB990 /* SwipeNavigationController.swift */; };
		DB9B9DB8243866C5005AB990 /* Application.swift in Sources */ = {isa = PBXBuildFile; fileRef = DB9B9DB7243866C5005AB990 /* Application.swift */; };
		DB9B9DBA243867A5005AB990 /* main.swift in Sources */ = {isa = PBXBuildFile; fileRef = DB9B9DB9243867A5005AB990 /* main.swift */; };
		DB9B9DBF24386FDE005AB990 /* ServicesFactory.swift in Sources */ = {isa = PBXBuildFile; fileRef = DB9B9DBE24386FDE005AB990 /* ServicesFactory.swift */; };
		DB9B9DC124387014005AB990 /* SettingsService.swift in Sources */ = {isa = PBXBuildFile; fileRef = DB9B9DC024387014005AB990 /* SettingsService.swift */; };
		DB9B9DD42438AE6B005AB990 /* AuthPhoneInputVC.swift in Sources */ = {isa = PBXBuildFile; fileRef = DB9B9DD32438AE6B005AB990 /* AuthPhoneInputVC.swift */; };
		DB9B9DDA2438BAB5005AB990 /* InitView.swift in Sources */ = {isa = PBXBuildFile; fileRef = DB9B9DD92438BAB5005AB990 /* InitView.swift */; };
		DB9B9DE42438C67A005AB990 /* AuthOTPInputVC.swift in Sources */ = {isa = PBXBuildFile; fileRef = DB9B9DE32438C67A005AB990 /* AuthOTPInputVC.swift */; };
		DBB9B74E244883D400CF4E8B /* ScreenNavigationBarView.swift in Sources */ = {isa = PBXBuildFile; fileRef = DBB9B74D244883D400CF4E8B /* ScreenNavigationBarView.swift */; };
		DBB9B75024488BA700CF4E8B /* LeftNavigationButtonView.swift in Sources */ = {isa = PBXBuildFile; fileRef = DBB9B74F24488BA700CF4E8B /* LeftNavigationButtonView.swift */; };
		DBB9B75224488CF400CF4E8B /* TitledNavigationBarView.swift in Sources */ = {isa = PBXBuildFile; fileRef = DBB9B75124488CF400CF4E8B /* TitledNavigationBarView.swift */; };
		DBB9B7542448B68500CF4E8B /* StatusBarStyle.swift in Sources */ = {isa = PBXBuildFile; fileRef = DBB9B7532448B68500CF4E8B /* StatusBarStyle.swift */; };
		DBB9B7582448B78600CF4E8B /* StatusBarStyleConvertor.swift in Sources */ = {isa = PBXBuildFile; fileRef = DBB9B7572448B78600CF4E8B /* StatusBarStyleConvertor.swift */; };
		DBB9B75D24494EE800CF4E8B /* Language.swift in Sources */ = {isa = PBXBuildFile; fileRef = DBB9B75C24494EE800CF4E8B /* Language.swift */; };
		DBB9B75F24494FC600CF4E8B /* LanguagesFactory.swift in Sources */ = {isa = PBXBuildFile; fileRef = DBB9B75E24494FC600CF4E8B /* LanguagesFactory.swift */; };
		DBB9B7612449503000CF4E8B /* AppearancesFactory.swift in Sources */ = {isa = PBXBuildFile; fileRef = DBB9B7602449503000CF4E8B /* AppearancesFactory.swift */; };
		DBB9B7632449516000CF4E8B /* LanguageType.swift in Sources */ = {isa = PBXBuildFile; fileRef = DBB9B7622449516000CF4E8B /* LanguageType.swift */; };
		DBB9B766244953F000CF4E8B /* LanguagesService.swift in Sources */ = {isa = PBXBuildFile; fileRef = DBB9B765244953F000CF4E8B /* LanguagesService.swift */; };
		DBEABBA02443160E004D4901 /* UIView+Extension.swift in Sources */ = {isa = PBXBuildFile; fileRef = DBEABB9F2443160E004D4901 /* UIView+Extension.swift */; };
		DBEABBA324432437004D4901 /* OverScreenLoaderDisplayable.swift in Sources */ = {isa = PBXBuildFile; fileRef = DBEABBA224432437004D4901 /* OverScreenLoaderDisplayable.swift */; };
		DBEABBA5244325A8004D4901 /* ServiceResultConvertor.swift in Sources */ = {isa = PBXBuildFile; fileRef = DBEABBA4244325A8004D4901 /* ServiceResultConvertor.swift */; };
		DBEABBA724432848004D4901 /* AuthOTPInputCoordinator.swift in Sources */ = {isa = PBXBuildFile; fileRef = DBEABBA624432848004D4901 /* AuthOTPInputCoordinator.swift */; };
		DBEABBA9244328D1004D4901 /* AuthOTPInputView.swift in Sources */ = {isa = PBXBuildFile; fileRef = DBEABBA8244328D1004D4901 /* AuthOTPInputView.swift */; };
		DBEABBAD244336BE004D4901 /* AuthConfirmOTPWebAPIWorker.swift in Sources */ = {isa = PBXBuildFile; fileRef = DBEABBAC244336BE004D4901 /* AuthConfirmOTPWebAPIWorker.swift */; };
		DBEABBB0244337EA004D4901 /* JSON.swift in Sources */ = {isa = PBXBuildFile; fileRef = DBEABBAF244337EA004D4901 /* JSON.swift */; };
		DBEABBB324433854004D4901 /* User.swift in Sources */ = {isa = PBXBuildFile; fileRef = DBEABBB224433854004D4901 /* User.swift */; };
		DBEABBB524433879004D4901 /* UserJSONConvertor.swift in Sources */ = {isa = PBXBuildFile; fileRef = DBEABBB424433879004D4901 /* UserJSONConvertor.swift */; };
		DBEABBB7244339A2004D4901 /* AuthConfirmOTPService.swift in Sources */ = {isa = PBXBuildFile; fileRef = DBEABBB6244339A2004D4901 /* AuthConfirmOTPService.swift */; };
		DBEABBBC2445E14B004D4901 /* SyncStorage.swift in Sources */ = {isa = PBXBuildFile; fileRef = DBEABBBB2445E14B004D4901 /* SyncStorage.swift */; };
		DBEABBBE2445E15B004D4901 /* AsyncStorage.swift in Sources */ = {isa = PBXBuildFile; fileRef = DBEABBBD2445E15B004D4901 /* AsyncStorage.swift */; };
		DBEABBC22445E1A7004D4901 /* UserDefaultsStorage.swift in Sources */ = {isa = PBXBuildFile; fileRef = DBEABBC12445E1A7004D4901 /* UserDefaultsStorage.swift */; };
		DBEABBC42445E409004D4901 /* CoreDataStorage.swift in Sources */ = {isa = PBXBuildFile; fileRef = DBEABBC32445E409004D4901 /* CoreDataStorage.swift */; };
		DBEABBC72445F475004D4901 /* CurrentUserCacheWorker.swift in Sources */ = {isa = PBXBuildFile; fileRef = DBEABBC62445F475004D4901 /* CurrentUserCacheWorker.swift */; };
		DBEABBC92445F5BF004D4901 /* CacheWorkersFactory.swift in Sources */ = {isa = PBXBuildFile; fileRef = DBEABBC82445F5BF004D4901 /* CacheWorkersFactory.swift */; };
		DBEABBCB2445F693004D4901 /* CurrentUserService.swift in Sources */ = {isa = PBXBuildFile; fileRef = DBEABBCA2445F693004D4901 /* CurrentUserService.swift */; };
		DBEABBCD2445F76E004D4901 /* AuthTokenCacheWorker.swift in Sources */ = {isa = PBXBuildFile; fileRef = DBEABBCC2445F76E004D4901 /* AuthTokenCacheWorker.swift */; };
		DBEABBCF2445FC82004D4901 /* SignOutService.swift in Sources */ = {isa = PBXBuildFile; fileRef = DBEABBCE2445FC82004D4901 /* SignOutService.swift */; };
		DBEABBD12445FFDF004D4901 /* SettingsView.swift in Sources */ = {isa = PBXBuildFile; fileRef = DBEABBD02445FFDF004D4901 /* SettingsView.swift */; };
		DBEABBD92446F69A004D4901 /* ChangeAvatarCellConfigurator.swift in Sources */ = {isa = PBXBuildFile; fileRef = DBEABBD82446F69A004D4901 /* ChangeAvatarCellConfigurator.swift */; };
		DBEABBDB2446F6FA004D4901 /* ContainerTableCellConfigurator.swift in Sources */ = {isa = PBXBuildFile; fileRef = DBEABBDA2446F6FA004D4901 /* ContainerTableCellConfigurator.swift */; };
		DBEABBDD2446F7E9004D4901 /* UITableView+Extension.swift in Sources */ = {isa = PBXBuildFile; fileRef = DBEABBDC2446F7E9004D4901 /* UITableView+Extension.swift */; };
		DBEABBDF2446F9DD004D4901 /* ChangeAvatarItemView.swift in Sources */ = {isa = PBXBuildFile; fileRef = DBEABBDE2446F9DD004D4901 /* ChangeAvatarItemView.swift */; };
		DBEABBE12446FEFB004D4901 /* AvatarView.swift in Sources */ = {isa = PBXBuildFile; fileRef = DBEABBE02446FEFB004D4901 /* AvatarView.swift */; };
		DBEABBE324470259004D4901 /* ImageButtonView.swift in Sources */ = {isa = PBXBuildFile; fileRef = DBEABBE224470259004D4901 /* ImageButtonView.swift */; };
		DBEABBE624470EE8004D4901 /* Bindable.swift in Sources */ = {isa = PBXBuildFile; fileRef = DBEABBE524470EE8004D4901 /* Bindable.swift */; };
		DBEABBE9244711BD004D4901 /* ChangeNameItemView.swift in Sources */ = {isa = PBXBuildFile; fileRef = DBEABBE8244711BD004D4901 /* ChangeNameItemView.swift */; };
		DBEABBEB24471388004D4901 /* ChangeNameItemCellConfigurator.swift in Sources */ = {isa = PBXBuildFile; fileRef = DBEABBEA24471388004D4901 /* ChangeNameItemCellConfigurator.swift */; };
		DBEABBF1244716A8004D4901 /* ChangeLanguageItemView.swift in Sources */ = {isa = PBXBuildFile; fileRef = DBEABBF0244716A8004D4901 /* ChangeLanguageItemView.swift */; };
		DBEABBF3244718B4004D4901 /* ChangeLanguageItemCellConfigurator.swift in Sources */ = {isa = PBXBuildFile; fileRef = DBEABBF2244718B4004D4901 /* ChangeLanguageItemCellConfigurator.swift */; };
		DBEABBF624471A36004D4901 /* ChangeThemeItemCellConfigurator.swift in Sources */ = {isa = PBXBuildFile; fileRef = DBEABBF524471A36004D4901 /* ChangeThemeItemCellConfigurator.swift */; };
		DBEABBF924471ADD004D4901 /* SignOutItemView.swift in Sources */ = {isa = PBXBuildFile; fileRef = DBEABBF824471ADD004D4901 /* SignOutItemView.swift */; };
		DBEABBFB24471BD7004D4901 /* SignOutItemCellConfigurator.swift in Sources */ = {isa = PBXBuildFile; fileRef = DBEABBFA24471BD7004D4901 /* SignOutItemCellConfigurator.swift */; };
		DBEABBFE24474A3B004D4901 /* ThemesService.swift in Sources */ = {isa = PBXBuildFile; fileRef = DBEABBFD24474A3B004D4901 /* ThemesService.swift */; };
		DBEABC0124474A9D004D4901 /* Theme.swift in Sources */ = {isa = PBXBuildFile; fileRef = DBEABC0024474A9D004D4901 /* Theme.swift */; };
		DBEABC0324474ACC004D4901 /* ThemeType.swift in Sources */ = {isa = PBXBuildFile; fileRef = DBEABC0224474ACC004D4901 /* ThemeType.swift */; };
		DBEABC0524474B12004D4901 /* ThemesFactory.swift in Sources */ = {isa = PBXBuildFile; fileRef = DBEABC0424474B12004D4901 /* ThemesFactory.swift */; };
		DBEABC0A24474DA3004D4901 /* ChangeThemeVC.swift in Sources */ = {isa = PBXBuildFile; fileRef = DBEABC0924474DA3004D4901 /* ChangeThemeVC.swift */; };
		DBEABC0C24474DCB004D4901 /* ChangeThemeView.swift in Sources */ = {isa = PBXBuildFile; fileRef = DBEABC0B24474DCB004D4901 /* ChangeThemeView.swift */; };
		DBEABC0E24474E52004D4901 /* ChangeThemeCoordinator.swift in Sources */ = {isa = PBXBuildFile; fileRef = DBEABC0D24474E52004D4901 /* ChangeThemeCoordinator.swift */; };
		DBEABC1124474F8C004D4901 /* SelectionListItemView.swift in Sources */ = {isa = PBXBuildFile; fileRef = DBEABC1024474F8C004D4901 /* SelectionListItemView.swift */; };
		DBEABC13244750F9004D4901 /* SelectionListItemCellConfigurator.swift in Sources */ = {isa = PBXBuildFile; fileRef = DBEABC12244750F9004D4901 /* SelectionListItemCellConfigurator.swift */; };
		DBEABC1624475488004D4901 /* CurrentThemeChangedNotifier.swift in Sources */ = {isa = PBXBuildFile; fileRef = DBEABC1524475488004D4901 /* CurrentThemeChangedNotifier.swift */; };
		DBEABC18244761B7004D4901 /* CurrentThemeCacheWorker.swift in Sources */ = {isa = PBXBuildFile; fileRef = DBEABC17244761B7004D4901 /* CurrentThemeCacheWorker.swift */; };
		DBEABC1A2448047D004D4901 /* Appearance.swift in Sources */ = {isa = PBXBuildFile; fileRef = DBEABC192448047D004D4901 /* Appearance.swift */; };
		DBEABC1D244809A0004D4901 /* AppearanceService.swift in Sources */ = {isa = PBXBuildFile; fileRef = DBEABC1C244809A0004D4901 /* AppearanceService.swift */; };
		DBEABC1F244809E2004D4901 /* UIColor+Extension.swift in Sources */ = {isa = PBXBuildFile; fileRef = DBEABC1E244809E2004D4901 /* UIColor+Extension.swift */; };
		DBEABC2124480A74004D4901 /* CurrentAppearanceChangedNotifier.swift in Sources */ = {isa = PBXBuildFile; fileRef = DBEABC2024480A74004D4901 /* CurrentAppearanceChangedNotifier.swift */; };
		DBEABC23244820DE004D4901 /* AppearanceView.swift in Sources */ = {isa = PBXBuildFile; fileRef = DBEABC22244820DE004D4901 /* AppearanceView.swift */; };
/* End PBXBuildFile section */

/* Begin PBXFileReference section */
		18743504D8CEF6C9B6D28CCD /* Pods-CVApp.debug.xcconfig */ = {isa = PBXFileReference; includeInIndex = 1; lastKnownFileType = text.xcconfig; name = "Pods-CVApp.debug.xcconfig"; path = "Target Support Files/Pods-CVApp/Pods-CVApp.debug.xcconfig"; sourceTree = "<group>"; };
		940231F80DB356143515AD00 /* Pods-CVApp.release.xcconfig */ = {isa = PBXFileReference; includeInIndex = 1; lastKnownFileType = text.xcconfig; name = "Pods-CVApp.release.xcconfig"; path = "Target Support Files/Pods-CVApp/Pods-CVApp.release.xcconfig"; sourceTree = "<group>"; };
		DB1BC6742449E51500FCA643 /* StringsLocalizeService.swift */ = {isa = PBXFileReference; lastKnownFileType = sourcecode.swift; path = StringsLocalizeService.swift; sourceTree = "<group>"; };
		DB1BC6762449E5ED00FCA643 /* CurrentLanguageChangedNotifier.swift */ = {isa = PBXFileReference; lastKnownFileType = sourcecode.swift; path = CurrentLanguageChangedNotifier.swift; sourceTree = "<group>"; };
		DB1BC67A2449E81A00FCA643 /* ChangeLanguageVC.swift */ = {isa = PBXFileReference; lastKnownFileType = sourcecode.swift; path = ChangeLanguageVC.swift; sourceTree = "<group>"; };
		DB1BC67C2449E82C00FCA643 /* ChangeLanguageView.swift */ = {isa = PBXFileReference; lastKnownFileType = sourcecode.swift; path = ChangeLanguageView.swift; sourceTree = "<group>"; };
		DB1BC67E2449E99E00FCA643 /* ChangeLanguageCoordinator.swift */ = {isa = PBXFileReference; lastKnownFileType = sourcecode.swift; path = ChangeLanguageCoordinator.swift; sourceTree = "<group>"; };
		DB1BC6802449EE1100FCA643 /* CurrentLanguageCacheWorker.swift */ = {isa = PBXFileReference; lastKnownFileType = sourcecode.swift; path = CurrentLanguageCacheWorker.swift; sourceTree = "<group>"; };
		DB1BC6822449FBC700FCA643 /* ru */ = {isa = PBXFileReference; lastKnownFileType = text.plist.strings; name = ru; path = ru.lproj/LaunchScreen.strings; sourceTree = "<group>"; };
		DB1BC6842449FBD700FCA643 /* en */ = {isa = PBXFileReference; lastKnownFileType = text.plist.strings; name = en; path = en.lproj/LaunchScreen.strings; sourceTree = "<group>"; };
		DB1BC6892449FC1400FCA643 /* en */ = {isa = PBXFileReference; lastKnownFileType = text.plist.strings; name = en; path = en.lproj/Localizable.strings; sourceTree = "<group>"; };
		DB1BC68C2449FC6D00FCA643 /* ru */ = {isa = PBXFileReference; lastKnownFileType = text.plist.strings; name = ru; path = ru.lproj/Localizable.strings; sourceTree = "<group>"; };
		DB1BC68F244AAB0E00FCA643 /* Array+Extension.swift */ = {isa = PBXFileReference; lastKnownFileType = sourcecode.swift; path = "Array+Extension.swift"; sourceTree = "<group>"; };
		DB1BC694244AB05B00FCA643 /* UserDetailsItemView.swift */ = {isa = PBXFileReference; lastKnownFileType = sourcecode.swift; path = UserDetailsItemView.swift; sourceTree = "<group>"; };
		DB1BC696244AB2E100FCA643 /* UIFont+Extension.swift */ = {isa = PBXFileReference; lastKnownFileType = sourcecode.swift; path = "UIFont+Extension.swift"; sourceTree = "<group>"; };
		DB1BC698244AB39C00FCA643 /* UserDetailsItemCellConfigurator.swift */ = {isa = PBXFileReference; lastKnownFileType = sourcecode.swift; path = UserDetailsItemCellConfigurator.swift; sourceTree = "<group>"; };
		DB1BC69B244AB81700FCA643 /* ContactItemView.swift */ = {isa = PBXFileReference; lastKnownFileType = sourcecode.swift; path = ContactItemView.swift; sourceTree = "<group>"; };
		DB1BC69D244AB9EF00FCA643 /* ContactItemCellConfigurator.swift */ = {isa = PBXFileReference; lastKnownFileType = sourcecode.swift; path = ContactItemCellConfigurator.swift; sourceTree = "<group>"; };
		DB1BC6A2244ABFF800FCA643 /* HeaderItemView.swift */ = {isa = PBXFileReference; lastKnownFileType = sourcecode.swift; path = HeaderItemView.swift; sourceTree = "<group>"; };
		DB1BC6A4244AC0D300FCA643 /* HeaderItemCellConfigurator.swift */ = {isa = PBXFileReference; lastKnownFileType = sourcecode.swift; path = HeaderItemCellConfigurator.swift; sourceTree = "<group>"; };
		DB7D30A8244046DA007E5F0A /* ChangeNameVC.swift */ = {isa = PBXFileReference; lastKnownFileType = sourcecode.swift; path = ChangeNameVC.swift; sourceTree = "<group>"; };
		DB7D30AE244169EF007E5F0A /* AppCoordinator.swift */ = {isa = PBXFileReference; lastKnownFileType = sourcecode.swift; path = AppCoordinator.swift; sourceTree = "<group>"; };
		DB7D30B024416D37007E5F0A /* SkillsListCoordinator.swift */ = {isa = PBXFileReference; lastKnownFileType = sourcecode.swift; path = SkillsListCoordinator.swift; sourceTree = "<group>"; };
		DB8257DA24416E7E00A0CF60 /* MainTabBarCoordinator.swift */ = {isa = PBXFileReference; lastKnownFileType = sourcecode.swift; path = MainTabBarCoordinator.swift; sourceTree = "<group>"; };
		DB8257DC24416F4300A0CF60 /* SettingsCoordinator.swift */ = {isa = PBXFileReference; lastKnownFileType = sourcecode.swift; path = SettingsCoordinator.swift; sourceTree = "<group>"; };
		DB8257E2244175A600A0CF60 /* ChangeNameCoordinator.swift */ = {isa = PBXFileReference; lastKnownFileType = sourcecode.swift; path = ChangeNameCoordinator.swift; sourceTree = "<group>"; };
		DB8257E5244176F900A0CF60 /* UIViewController+Navigation.swift */ = {isa = PBXFileReference; lastKnownFileType = sourcecode.swift; path = "UIViewController+Navigation.swift"; sourceTree = "<group>"; };
		DB8257E724418BAE00A0CF60 /* TableViewController.swift */ = {isa = PBXFileReference; lastKnownFileType = sourcecode.swift; path = TableViewController.swift; sourceTree = "<group>"; };
		DB8257E924418E4400A0CF60 /* TableCellConfigurator.swift */ = {isa = PBXFileReference; lastKnownFileType = sourcecode.swift; path = TableCellConfigurator.swift; sourceTree = "<group>"; };
		DB8257EB24418EAE00A0CF60 /* ContainerTableCell.swift */ = {isa = PBXFileReference; lastKnownFileType = sourcecode.swift; path = ContainerTableCell.swift; sourceTree = "<group>"; };
		DB8257EE244190E400A0CF60 /* VoidAction.swift */ = {isa = PBXFileReference; lastKnownFileType = sourcecode.swift; path = VoidAction.swift; sourceTree = "<group>"; };
		DB8257F02441ABE100A0CF60 /* SkillsListView.swift */ = {isa = PBXFileReference; lastKnownFileType = sourcecode.swift; path = SkillsListView.swift; sourceTree = "<group>"; };
		DB8257F82441B0C200A0CF60 /* AssetsFactory.swift */ = {isa = PBXFileReference; lastKnownFileType = sourcecode.swift; path = AssetsFactory.swift; sourceTree = "<group>"; };
		DB8257FA2441B6B100A0CF60 /* AuthPhoneInputView.swift */ = {isa = PBXFileReference; lastKnownFileType = sourcecode.swift; path = AuthPhoneInputView.swift; sourceTree = "<group>"; };
		DB8257FE2441B70900A0CF60 /* AuthPhoneInputCoordinator.swift */ = {isa = PBXFileReference; lastKnownFileType = sourcecode.swift; path = AuthPhoneInputCoordinator.swift; sourceTree = "<group>"; };
		DB8258022441C5C800A0CF60 /* UIButton+Extension.swift */ = {isa = PBXFileReference; lastKnownFileType = sourcecode.swift; path = "UIButton+Extension.swift"; sourceTree = "<group>"; };
		DB8258042441F4EC00A0CF60 /* RequestOTPWebAPIWorker.swift */ = {isa = PBXFileReference; lastKnownFileType = sourcecode.swift; path = RequestOTPWebAPIWorker.swift; sourceTree = "<group>"; };
		DB8258062441F60100A0CF60 /* URLSessionWebAPIWorker.swift */ = {isa = PBXFileReference; lastKnownFileType = sourcecode.swift; path = URLSessionWebAPIWorker.swift; sourceTree = "<group>"; };
		DB8258092441F73D00A0CF60 /* URLRequestComposer.swift */ = {isa = PBXFileReference; lastKnownFileType = sourcecode.swift; path = URLRequestComposer.swift; sourceTree = "<group>"; };
		DB82580B2441F98E00A0CF60 /* WebAPIWorkersFactory.swift */ = {isa = PBXFileReference; lastKnownFileType = sourcecode.swift; path = WebAPIWorkersFactory.swift; sourceTree = "<group>"; };
		DB8258162441FD5000A0CF60 /* WebAPIResult.swift */ = {isa = PBXFileReference; lastKnownFileType = sourcecode.swift; path = WebAPIResult.swift; sourceTree = "<group>"; };
		DB82581C2441FE1300A0CF60 /* ServiceResult.swift */ = {isa = PBXFileReference; lastKnownFileType = sourcecode.swift; path = ServiceResult.swift; sourceTree = "<group>"; };
		DB82582324430F7700A0CF60 /* ServiceError.swift */ = {isa = PBXFileReference; lastKnownFileType = sourcecode.swift; path = ServiceError.swift; sourceTree = "<group>"; };
		DB82582524430F8C00A0CF60 /* WebAPIError.swift */ = {isa = PBXFileReference; lastKnownFileType = sourcecode.swift; path = WebAPIError.swift; sourceTree = "<group>"; };
		DB82582724430F9F00A0CF60 /* CacheError.swift */ = {isa = PBXFileReference; lastKnownFileType = sourcecode.swift; path = CacheError.swift; sourceTree = "<group>"; };
		DB82582A2443105500A0CF60 /* CacheResult.swift */ = {isa = PBXFileReference; lastKnownFileType = sourcecode.swift; path = CacheResult.swift; sourceTree = "<group>"; };
		DB82582C2443116B00A0CF60 /* RequestOTPService.swift */ = {isa = PBXFileReference; lastKnownFileType = sourcecode.swift; path = RequestOTPService.swift; sourceTree = "<group>"; };
		DB9B9D8A243845B5005AB990 /* CVApp.app */ = {isa = PBXFileReference; explicitFileType = wrapper.application; includeInIndex = 0; path = CVApp.app; sourceTree = BUILT_PRODUCTS_DIR; };
		DB9B9D96243845B6005AB990 /* Assets.xcassets */ = {isa = PBXFileReference; lastKnownFileType = folder.assetcatalog; path = Assets.xcassets; sourceTree = "<group>"; };
		DB9B9D99243845B6005AB990 /* Base */ = {isa = PBXFileReference; lastKnownFileType = file.storyboard; name = Base; path = Base.lproj/LaunchScreen.storyboard; sourceTree = "<group>"; };
		DB9B9D9B243845B6005AB990 /* Info.plist */ = {isa = PBXFileReference; lastKnownFileType = text.plist.xml; path = Info.plist; sourceTree = "<group>"; };
		DB9B9DA9243846A7005AB990 /* MainTabBarController.swift */ = {isa = PBXFileReference; lastKnownFileType = sourcecode.swift; path = MainTabBarController.swift; sourceTree = "<group>"; };
		DB9B9DAB24384735005AB990 /* SkillsListVC.swift */ = {isa = PBXFileReference; lastKnownFileType = sourcecode.swift; path = SkillsListVC.swift; sourceTree = "<group>"; };
		DB9B9DAF24384768005AB990 /* ScreenController.swift */ = {isa = PBXFileReference; lastKnownFileType = sourcecode.swift; path = ScreenController.swift; sourceTree = "<group>"; };
		DB9B9DB12438479F005AB990 /* SettingsVC.swift */ = {isa = PBXFileReference; lastKnownFileType = sourcecode.swift; path = SettingsVC.swift; sourceTree = "<group>"; };
		DB9B9DB324385BFE005AB990 /* SwipeNavigationController.swift */ = {isa = PBXFileReference; lastKnownFileType = sourcecode.swift; path = SwipeNavigationController.swift; sourceTree = "<group>"; };
		DB9B9DB7243866C5005AB990 /* Application.swift */ = {isa = PBXFileReference; lastKnownFileType = sourcecode.swift; path = Application.swift; sourceTree = "<group>"; };
		DB9B9DB9243867A5005AB990 /* main.swift */ = {isa = PBXFileReference; lastKnownFileType = sourcecode.swift; path = main.swift; sourceTree = "<group>"; };
		DB9B9DBE24386FDE005AB990 /* ServicesFactory.swift */ = {isa = PBXFileReference; lastKnownFileType = sourcecode.swift; path = ServicesFactory.swift; sourceTree = "<group>"; };
		DB9B9DC024387014005AB990 /* SettingsService.swift */ = {isa = PBXFileReference; lastKnownFileType = sourcecode.swift; path = SettingsService.swift; sourceTree = "<group>"; };
		DB9B9DD32438AE6B005AB990 /* AuthPhoneInputVC.swift */ = {isa = PBXFileReference; lastKnownFileType = sourcecode.swift; path = AuthPhoneInputVC.swift; sourceTree = "<group>"; };
		DB9B9DD92438BAB5005AB990 /* InitView.swift */ = {isa = PBXFileReference; lastKnownFileType = sourcecode.swift; path = InitView.swift; sourceTree = "<group>"; };
		DB9B9DE32438C67A005AB990 /* AuthOTPInputVC.swift */ = {isa = PBXFileReference; lastKnownFileType = sourcecode.swift; path = AuthOTPInputVC.swift; sourceTree = "<group>"; };
		DBB9B74D244883D400CF4E8B /* ScreenNavigationBarView.swift */ = {isa = PBXFileReference; lastKnownFileType = sourcecode.swift; path = ScreenNavigationBarView.swift; sourceTree = "<group>"; };
		DBB9B74F24488BA700CF4E8B /* LeftNavigationButtonView.swift */ = {isa = PBXFileReference; lastKnownFileType = sourcecode.swift; path = LeftNavigationButtonView.swift; sourceTree = "<group>"; };
		DBB9B75124488CF400CF4E8B /* TitledNavigationBarView.swift */ = {isa = PBXFileReference; lastKnownFileType = sourcecode.swift; path = TitledNavigationBarView.swift; sourceTree = "<group>"; };
		DBB9B7532448B68500CF4E8B /* StatusBarStyle.swift */ = {isa = PBXFileReference; lastKnownFileType = sourcecode.swift; path = StatusBarStyle.swift; sourceTree = "<group>"; };
		DBB9B7572448B78600CF4E8B /* StatusBarStyleConvertor.swift */ = {isa = PBXFileReference; lastKnownFileType = sourcecode.swift; path = StatusBarStyleConvertor.swift; sourceTree = "<group>"; };
		DBB9B75C24494EE800CF4E8B /* Language.swift */ = {isa = PBXFileReference; lastKnownFileType = sourcecode.swift; path = Language.swift; sourceTree = "<group>"; };
		DBB9B75E24494FC600CF4E8B /* LanguagesFactory.swift */ = {isa = PBXFileReference; lastKnownFileType = sourcecode.swift; path = LanguagesFactory.swift; sourceTree = "<group>"; };
		DBB9B7602449503000CF4E8B /* AppearancesFactory.swift */ = {isa = PBXFileReference; lastKnownFileType = sourcecode.swift; path = AppearancesFactory.swift; sourceTree = "<group>"; };
		DBB9B7622449516000CF4E8B /* LanguageType.swift */ = {isa = PBXFileReference; lastKnownFileType = sourcecode.swift; path = LanguageType.swift; sourceTree = "<group>"; };
		DBB9B765244953F000CF4E8B /* LanguagesService.swift */ = {isa = PBXFileReference; lastKnownFileType = sourcecode.swift; path = LanguagesService.swift; sourceTree = "<group>"; };
		DBEABB9F2443160E004D4901 /* UIView+Extension.swift */ = {isa = PBXFileReference; lastKnownFileType = sourcecode.swift; path = "UIView+Extension.swift"; sourceTree = "<group>"; };
		DBEABBA224432437004D4901 /* OverScreenLoaderDisplayable.swift */ = {isa = PBXFileReference; lastKnownFileType = sourcecode.swift; path = OverScreenLoaderDisplayable.swift; sourceTree = "<group>"; };
		DBEABBA4244325A8004D4901 /* ServiceResultConvertor.swift */ = {isa = PBXFileReference; lastKnownFileType = sourcecode.swift; path = ServiceResultConvertor.swift; sourceTree = "<group>"; };
		DBEABBA624432848004D4901 /* AuthOTPInputCoordinator.swift */ = {isa = PBXFileReference; lastKnownFileType = sourcecode.swift; path = AuthOTPInputCoordinator.swift; sourceTree = "<group>"; };
		DBEABBA8244328D1004D4901 /* AuthOTPInputView.swift */ = {isa = PBXFileReference; lastKnownFileType = sourcecode.swift; path = AuthOTPInputView.swift; sourceTree = "<group>"; };
		DBEABBAC244336BE004D4901 /* AuthConfirmOTPWebAPIWorker.swift */ = {isa = PBXFileReference; lastKnownFileType = sourcecode.swift; path = AuthConfirmOTPWebAPIWorker.swift; sourceTree = "<group>"; };
		DBEABBAF244337EA004D4901 /* JSON.swift */ = {isa = PBXFileReference; lastKnownFileType = sourcecode.swift; path = JSON.swift; sourceTree = "<group>"; };
		DBEABBB224433854004D4901 /* User.swift */ = {isa = PBXFileReference; lastKnownFileType = sourcecode.swift; path = User.swift; sourceTree = "<group>"; };
		DBEABBB424433879004D4901 /* UserJSONConvertor.swift */ = {isa = PBXFileReference; lastKnownFileType = sourcecode.swift; path = UserJSONConvertor.swift; sourceTree = "<group>"; };
		DBEABBB6244339A2004D4901 /* AuthConfirmOTPService.swift */ = {isa = PBXFileReference; lastKnownFileType = sourcecode.swift; path = AuthConfirmOTPService.swift; sourceTree = "<group>"; };
		DBEABBBB2445E14B004D4901 /* SyncStorage.swift */ = {isa = PBXFileReference; lastKnownFileType = sourcecode.swift; path = SyncStorage.swift; sourceTree = "<group>"; };
		DBEABBBD2445E15B004D4901 /* AsyncStorage.swift */ = {isa = PBXFileReference; lastKnownFileType = sourcecode.swift; path = AsyncStorage.swift; sourceTree = "<group>"; };
		DBEABBC12445E1A7004D4901 /* UserDefaultsStorage.swift */ = {isa = PBXFileReference; lastKnownFileType = sourcecode.swift; path = UserDefaultsStorage.swift; sourceTree = "<group>"; };
		DBEABBC32445E409004D4901 /* CoreDataStorage.swift */ = {isa = PBXFileReference; lastKnownFileType = sourcecode.swift; path = CoreDataStorage.swift; sourceTree = "<group>"; };
		DBEABBC62445F475004D4901 /* CurrentUserCacheWorker.swift */ = {isa = PBXFileReference; lastKnownFileType = sourcecode.swift; path = CurrentUserCacheWorker.swift; sourceTree = "<group>"; };
		DBEABBC82445F5BF004D4901 /* CacheWorkersFactory.swift */ = {isa = PBXFileReference; lastKnownFileType = sourcecode.swift; path = CacheWorkersFactory.swift; sourceTree = "<group>"; };
		DBEABBCA2445F693004D4901 /* CurrentUserService.swift */ = {isa = PBXFileReference; lastKnownFileType = sourcecode.swift; path = CurrentUserService.swift; sourceTree = "<group>"; };
		DBEABBCC2445F76E004D4901 /* AuthTokenCacheWorker.swift */ = {isa = PBXFileReference; lastKnownFileType = sourcecode.swift; path = AuthTokenCacheWorker.swift; sourceTree = "<group>"; };
		DBEABBCE2445FC82004D4901 /* SignOutService.swift */ = {isa = PBXFileReference; lastKnownFileType = sourcecode.swift; path = SignOutService.swift; sourceTree = "<group>"; };
		DBEABBD02445FFDF004D4901 /* SettingsView.swift */ = {isa = PBXFileReference; lastKnownFileType = sourcecode.swift; path = SettingsView.swift; sourceTree = "<group>"; };
		DBEABBD82446F69A004D4901 /* ChangeAvatarCellConfigurator.swift */ = {isa = PBXFileReference; lastKnownFileType = sourcecode.swift; path = ChangeAvatarCellConfigurator.swift; sourceTree = "<group>"; };
		DBEABBDA2446F6FA004D4901 /* ContainerTableCellConfigurator.swift */ = {isa = PBXFileReference; lastKnownFileType = sourcecode.swift; path = ContainerTableCellConfigurator.swift; sourceTree = "<group>"; };
		DBEABBDC2446F7E9004D4901 /* UITableView+Extension.swift */ = {isa = PBXFileReference; lastKnownFileType = sourcecode.swift; path = "UITableView+Extension.swift"; sourceTree = "<group>"; };
		DBEABBDE2446F9DD004D4901 /* ChangeAvatarItemView.swift */ = {isa = PBXFileReference; lastKnownFileType = sourcecode.swift; path = ChangeAvatarItemView.swift; sourceTree = "<group>"; };
		DBEABBE02446FEFB004D4901 /* AvatarView.swift */ = {isa = PBXFileReference; lastKnownFileType = sourcecode.swift; path = AvatarView.swift; sourceTree = "<group>"; };
		DBEABBE224470259004D4901 /* ImageButtonView.swift */ = {isa = PBXFileReference; lastKnownFileType = sourcecode.swift; path = ImageButtonView.swift; sourceTree = "<group>"; };
		DBEABBE524470EE8004D4901 /* Bindable.swift */ = {isa = PBXFileReference; lastKnownFileType = sourcecode.swift; path = Bindable.swift; sourceTree = "<group>"; };
		DBEABBE8244711BD004D4901 /* ChangeNameItemView.swift */ = {isa = PBXFileReference; lastKnownFileType = sourcecode.swift; path = ChangeNameItemView.swift; sourceTree = "<group>"; };
		DBEABBEA24471388004D4901 /* ChangeNameItemCellConfigurator.swift */ = {isa = PBXFileReference; lastKnownFileType = sourcecode.swift; path = ChangeNameItemCellConfigurator.swift; sourceTree = "<group>"; };
		DBEABBF0244716A8004D4901 /* ChangeLanguageItemView.swift */ = {isa = PBXFileReference; lastKnownFileType = sourcecode.swift; path = ChangeLanguageItemView.swift; sourceTree = "<group>"; };
		DBEABBF2244718B4004D4901 /* ChangeLanguageItemCellConfigurator.swift */ = {isa = PBXFileReference; lastKnownFileType = sourcecode.swift; path = ChangeLanguageItemCellConfigurator.swift; sourceTree = "<group>"; };
		DBEABBF524471A36004D4901 /* ChangeThemeItemCellConfigurator.swift */ = {isa = PBXFileReference; lastKnownFileType = sourcecode.swift; path = ChangeThemeItemCellConfigurator.swift; sourceTree = "<group>"; };
		DBEABBF824471ADD004D4901 /* SignOutItemView.swift */ = {isa = PBXFileReference; lastKnownFileType = sourcecode.swift; path = SignOutItemView.swift; sourceTree = "<group>"; };
		DBEABBFA24471BD7004D4901 /* SignOutItemCellConfigurator.swift */ = {isa = PBXFileReference; lastKnownFileType = sourcecode.swift; path = SignOutItemCellConfigurator.swift; sourceTree = "<group>"; };
		DBEABBFD24474A3B004D4901 /* ThemesService.swift */ = {isa = PBXFileReference; lastKnownFileType = sourcecode.swift; path = ThemesService.swift; sourceTree = "<group>"; };
		DBEABC0024474A9D004D4901 /* Theme.swift */ = {isa = PBXFileReference; lastKnownFileType = sourcecode.swift; path = Theme.swift; sourceTree = "<group>"; };
		DBEABC0224474ACC004D4901 /* ThemeType.swift */ = {isa = PBXFileReference; lastKnownFileType = sourcecode.swift; path = ThemeType.swift; sourceTree = "<group>"; };
		DBEABC0424474B12004D4901 /* ThemesFactory.swift */ = {isa = PBXFileReference; lastKnownFileType = sourcecode.swift; path = ThemesFactory.swift; sourceTree = "<group>"; };
		DBEABC0924474DA3004D4901 /* ChangeThemeVC.swift */ = {isa = PBXFileReference; lastKnownFileType = sourcecode.swift; path = ChangeThemeVC.swift; sourceTree = "<group>"; };
		DBEABC0B24474DCB004D4901 /* ChangeThemeView.swift */ = {isa = PBXFileReference; lastKnownFileType = sourcecode.swift; path = ChangeThemeView.swift; sourceTree = "<group>"; };
		DBEABC0D24474E52004D4901 /* ChangeThemeCoordinator.swift */ = {isa = PBXFileReference; lastKnownFileType = sourcecode.swift; path = ChangeThemeCoordinator.swift; sourceTree = "<group>"; };
		DBEABC1024474F8C004D4901 /* SelectionListItemView.swift */ = {isa = PBXFileReference; lastKnownFileType = sourcecode.swift; path = SelectionListItemView.swift; sourceTree = "<group>"; };
		DBEABC12244750F9004D4901 /* SelectionListItemCellConfigurator.swift */ = {isa = PBXFileReference; lastKnownFileType = sourcecode.swift; path = SelectionListItemCellConfigurator.swift; sourceTree = "<group>"; };
		DBEABC1524475488004D4901 /* CurrentThemeChangedNotifier.swift */ = {isa = PBXFileReference; lastKnownFileType = sourcecode.swift; path = CurrentThemeChangedNotifier.swift; sourceTree = "<group>"; };
		DBEABC17244761B7004D4901 /* CurrentThemeCacheWorker.swift */ = {isa = PBXFileReference; lastKnownFileType = sourcecode.swift; path = CurrentThemeCacheWorker.swift; sourceTree = "<group>"; };
		DBEABC192448047D004D4901 /* Appearance.swift */ = {isa = PBXFileReference; lastKnownFileType = sourcecode.swift; path = Appearance.swift; sourceTree = "<group>"; };
		DBEABC1C244809A0004D4901 /* AppearanceService.swift */ = {isa = PBXFileReference; lastKnownFileType = sourcecode.swift; path = AppearanceService.swift; sourceTree = "<group>"; };
		DBEABC1E244809E2004D4901 /* UIColor+Extension.swift */ = {isa = PBXFileReference; lastKnownFileType = sourcecode.swift; path = "UIColor+Extension.swift"; sourceTree = "<group>"; };
		DBEABC2024480A74004D4901 /* CurrentAppearanceChangedNotifier.swift */ = {isa = PBXFileReference; lastKnownFileType = sourcecode.swift; path = CurrentAppearanceChangedNotifier.swift; sourceTree = "<group>"; };
		DBEABC22244820DE004D4901 /* AppearanceView.swift */ = {isa = PBXFileReference; lastKnownFileType = sourcecode.swift; path = AppearanceView.swift; sourceTree = "<group>"; };
		FDA78819A7188A06D90BD6AD /* Pods_CVApp.framework */ = {isa = PBXFileReference; explicitFileType = wrapper.framework; includeInIndex = 0; path = Pods_CVApp.framework; sourceTree = BUILT_PRODUCTS_DIR; };
/* End PBXFileReference section */

/* Begin PBXFrameworksBuildPhase section */
		DB9B9D87243845B5005AB990 /* Frameworks */ = {
			isa = PBXFrameworksBuildPhase;
			buildActionMask = 2147483647;
			files = (
				D2D9F4EAC985840DD48231BB /* Pods_CVApp.framework in Frameworks */,
			);
			runOnlyForDeploymentPostprocessing = 0;
		};
/* End PBXFrameworksBuildPhase section */

/* Begin PBXGroup section */
		77C08A66A265D461DB77BB79 /* Pods */ = {
			isa = PBXGroup;
			children = (
				18743504D8CEF6C9B6D28CCD /* Pods-CVApp.debug.xcconfig */,
				940231F80DB356143515AD00 /* Pods-CVApp.release.xcconfig */,
			);
			path = Pods;
			sourceTree = "<group>";
		};
		90A93A632982E8A29145BA00 /* Frameworks */ = {
			isa = PBXGroup;
			children = (
				FDA78819A7188A06D90BD6AD /* Pods_CVApp.framework */,
			);
			name = Frameworks;
			sourceTree = "<group>";
		};
		DB1BC6782449E7F300FCA643 /* ChangeLanguage */ = {
			isa = PBXGroup;
			children = (
				DB1BC6792449E80B00FCA643 /* Screen */,
			);
			path = ChangeLanguage;
			sourceTree = "<group>";
		};
		DB1BC6792449E80B00FCA643 /* Screen */ = {
			isa = PBXGroup;
			children = (
				DB1BC67A2449E81A00FCA643 /* ChangeLanguageVC.swift */,
				DB1BC67C2449E82C00FCA643 /* ChangeLanguageView.swift */,
				DB1BC67E2449E99E00FCA643 /* ChangeLanguageCoordinator.swift */,
			);
			path = Screen;
			sourceTree = "<group>";
		};
		DB1BC6852449FBEF00FCA643 /* Strings */ = {
			isa = PBXGroup;
			children = (
				DB1BC68A2449FC1400FCA643 /* Localizable.strings */,
			);
			path = Strings;
			sourceTree = "<group>";
		};
		DB1BC68D244AAAEC00FCA643 /* Helpers */ = {
			isa = PBXGroup;
			children = (
				DB1BC68E244AAAF800FCA643 /* Extensions */,
			);
			path = Helpers;
			sourceTree = "<group>";
		};
		DB1BC68E244AAAF800FCA643 /* Extensions */ = {
			isa = PBXGroup;
			children = (
				DB1BC68F244AAB0E00FCA643 /* Array+Extension.swift */,
			);
			path = Extensions;
			sourceTree = "<group>";
		};
		DB1BC691244AB02B00FCA643 /* Screen */ = {
			isa = PBXGroup;
			children = (
				DB9B9DAB24384735005AB990 /* SkillsListVC.swift */,
				DB8257F02441ABE100A0CF60 /* SkillsListView.swift */,
				DB7D30B024416D37007E5F0A /* SkillsListCoordinator.swift */,
			);
			path = Screen;
			sourceTree = "<group>";
		};
		DB1BC692244AB03300FCA643 /* Helpers */ = {
			isa = PBXGroup;
			children = (
				DB1BC6A1244ABFE800FCA643 /* HeaderItem */,
				DB1BC693244AB03B00FCA643 /* UserDetailsItem */,
				DB1BC69A244AB7FC00FCA643 /* ContactItem */,
			);
			path = Helpers;
			sourceTree = "<group>";
		};
		DB1BC693244AB03B00FCA643 /* UserDetailsItem */ = {
			isa = PBXGroup;
			children = (
				DB1BC694244AB05B00FCA643 /* UserDetailsItemView.swift */,
				DB1BC698244AB39C00FCA643 /* UserDetailsItemCellConfigurator.swift */,
			);
			path = UserDetailsItem;
			sourceTree = "<group>";
		};
		DB1BC69A244AB7FC00FCA643 /* ContactItem */ = {
			isa = PBXGroup;
			children = (
				DB1BC69B244AB81700FCA643 /* ContactItemView.swift */,
				DB1BC69D244AB9EF00FCA643 /* ContactItemCellConfigurator.swift */,
			);
			path = ContactItem;
			sourceTree = "<group>";
		};
		DB1BC6A1244ABFE800FCA643 /* HeaderItem */ = {
			isa = PBXGroup;
			children = (
				DB1BC6A2244ABFF800FCA643 /* HeaderItemView.swift */,
				DB1BC6A4244AC0D300FCA643 /* HeaderItemCellConfigurator.swift */,
			);
			path = HeaderItem;
			sourceTree = "<group>";
		};
		DB7D30A6244046BB007E5F0A /* Settings */ = {
			isa = PBXGroup;
			children = (
				DBEABBD52446F554004D4901 /* Screen */,
				DBEABBD62446F55F004D4901 /* Helpers */,
			);
			path = Settings;
			sourceTree = "<group>";
		};
		DB7D30A7244046C7007E5F0A /* ChangeName */ = {
			isa = PBXGroup;
			children = (
				DB7D30A8244046DA007E5F0A /* ChangeNameVC.swift */,
				DB8257E2244175A600A0CF60 /* ChangeNameCoordinator.swift */,
			);
			path = ChangeName;
			sourceTree = "<group>";
		};
		DB8257E4244176EB00A0CF60 /* Extensions */ = {
			isa = PBXGroup;
			children = (
				DB8257E5244176F900A0CF60 /* UIViewController+Navigation.swift */,
				DB8258022441C5C800A0CF60 /* UIButton+Extension.swift */,
				DBEABB9F2443160E004D4901 /* UIView+Extension.swift */,
				DBEABBDC2446F7E9004D4901 /* UITableView+Extension.swift */,
				DBEABC1E244809E2004D4901 /* UIColor+Extension.swift */,
				DB1BC696244AB2E100FCA643 /* UIFont+Extension.swift */,
			);
			path = Extensions;
			sourceTree = "<group>";
		};
		DB8257ED244190DB00A0CF60 /* Actions */ = {
			isa = PBXGroup;
			children = (
				DB8257EE244190E400A0CF60 /* VoidAction.swift */,
			);
			path = Actions;
			sourceTree = "<group>";
		};
		DB8257F62441B0A500A0CF60 /* Resources */ = {
			isa = PBXGroup;
			children = (
				DB1BC6852449FBEF00FCA643 /* Strings */,
				DB8257F72441B0B500A0CF60 /* Assets */,
			);
			path = Resources;
			sourceTree = "<group>";
		};
		DB8257F72441B0B500A0CF60 /* Assets */ = {
			isa = PBXGroup;
			children = (
				DB9B9D96243845B6005AB990 /* Assets.xcassets */,
				DB8257F82441B0C200A0CF60 /* AssetsFactory.swift */,
			);
			path = Assets;
			sourceTree = "<group>";
		};
		DB8258082441F6BE00A0CF60 /* Helpers */ = {
			isa = PBXGroup;
			children = (
				DB8258062441F60100A0CF60 /* URLSessionWebAPIWorker.swift */,
				DB8258092441F73D00A0CF60 /* URLRequestComposer.swift */,
				DB82580B2441F98E00A0CF60 /* WebAPIWorkersFactory.swift */,
			);
			path = Helpers;
			sourceTree = "<group>";
		};
		DB82580D2441FCA200A0CF60 /* ModelLayer */ = {
			isa = PBXGroup;
			children = (
				DB1BC68D244AAAEC00FCA643 /* Helpers */,
				DB8258112441FCFC00A0CF60 /* Common */,
				DB8258102441FCF600A0CF60 /* Custom */,
			);
			path = ModelLayer;
			sourceTree = "<group>";
		};
		DB8258102441FCF600A0CF60 /* Custom */ = {
			isa = PBXGroup;
			children = (
				DBB9B75B24494ED800CF4E8B /* Language */,
				DBEABBFF24474A7B004D4901 /* Theme */,
				DBEABBB12443384C004D4901 /* User */,
			);
			path = Custom;
			sourceTree = "<group>";
		};
		DB8258112441FCFC00A0CF60 /* Common */ = {
			isa = PBXGroup;
			children = (
				DBEABBE424470EA6004D4901 /* Bindable */,
				DBEABBAE244337E2004D4901 /* JSON */,
				DB8258142441FD3000A0CF60 /* Results */,
				DB8258122441FD0200A0CF60 /* Errors */,
			);
			path = Common;
			sourceTree = "<group>";
		};
		DB8258122441FD0200A0CF60 /* Errors */ = {
			isa = PBXGroup;
			children = (
				DB82582224430F6500A0CF60 /* ServiceError */,
				DB82582124430F5D00A0CF60 /* WebAPIError */,
				DB82581F24430F4F00A0CF60 /* CacheError */,
			);
			path = Errors;
			sourceTree = "<group>";
		};
		DB8258142441FD3000A0CF60 /* Results */ = {
			isa = PBXGroup;
			children = (
				DB82581B2441FE0700A0CF60 /* ServiceResult */,
				DB8258152441FD3900A0CF60 /* WebAPIResult */,
				DB8258292443104B00A0CF60 /* CacheResult */,
			);
			path = Results;
			sourceTree = "<group>";
		};
		DB8258152441FD3900A0CF60 /* WebAPIResult */ = {
			isa = PBXGroup;
			children = (
				DB8258162441FD5000A0CF60 /* WebAPIResult.swift */,
			);
			path = WebAPIResult;
			sourceTree = "<group>";
		};
		DB82581B2441FE0700A0CF60 /* ServiceResult */ = {
			isa = PBXGroup;
			children = (
				DB82581C2441FE1300A0CF60 /* ServiceResult.swift */,
				DBEABBA4244325A8004D4901 /* ServiceResultConvertor.swift */,
			);
			path = ServiceResult;
			sourceTree = "<group>";
		};
		DB82581F24430F4F00A0CF60 /* CacheError */ = {
			isa = PBXGroup;
			children = (
				DB82582724430F9F00A0CF60 /* CacheError.swift */,
			);
			path = CacheError;
			sourceTree = "<group>";
		};
		DB82582124430F5D00A0CF60 /* WebAPIError */ = {
			isa = PBXGroup;
			children = (
				DB82582524430F8C00A0CF60 /* WebAPIError.swift */,
			);
			path = WebAPIError;
			sourceTree = "<group>";
		};
		DB82582224430F6500A0CF60 /* ServiceError */ = {
			isa = PBXGroup;
			children = (
				DB82582324430F7700A0CF60 /* ServiceError.swift */,
			);
			path = ServiceError;
			sourceTree = "<group>";
		};
		DB8258292443104B00A0CF60 /* CacheResult */ = {
			isa = PBXGroup;
			children = (
				DB82582A2443105500A0CF60 /* CacheResult.swift */,
			);
			path = CacheResult;
			sourceTree = "<group>";
		};
		DB82582E244312E200A0CF60 /* Helpers */ = {
			isa = PBXGroup;
			children = (
				DB9B9DBE24386FDE005AB990 /* ServicesFactory.swift */,
			);
			path = Helpers;
			sourceTree = "<group>";
		};
		DB82582F244312E700A0CF60 /* Services */ = {
			isa = PBXGroup;
			children = (
				DBB9B764244953E200CF4E8B /* Languages */,
				DBEABC142447546F004D4901 /* Themes */,
				DB9B9DC024387014005AB990 /* SettingsService.swift */,
				DB82582C2443116B00A0CF60 /* RequestOTPService.swift */,
				DBEABBB6244339A2004D4901 /* AuthConfirmOTPService.swift */,
				DBEABBCA2445F693004D4901 /* CurrentUserService.swift */,
				DBEABBCE2445FC82004D4901 /* SignOutService.swift */,
			);
			path = Services;
			sourceTree = "<group>";
		};
		DB9B9D81243845B5005AB990 = {
			isa = PBXGroup;
			children = (
				DB9B9D8C243845B5005AB990 /* CVApp */,
				DB9B9D8B243845B5005AB990 /* Products */,
				77C08A66A265D461DB77BB79 /* Pods */,
				90A93A632982E8A29145BA00 /* Frameworks */,
			);
			sourceTree = "<group>";
		};
		DB9B9D8B243845B5005AB990 /* Products */ = {
			isa = PBXGroup;
			children = (
				DB9B9D8A243845B5005AB990 /* CVApp.app */,
			);
			name = Products;
			sourceTree = "<group>";
		};
		DB9B9D8C243845B5005AB990 /* CVApp */ = {
			isa = PBXGroup;
			children = (
				DB9B9DA1243845EA005AB990 /* ApplicationLayer */,
				DB82580D2441FCA200A0CF60 /* ModelLayer */,
				DB9B9DA42438461E005AB990 /* NetworkLayer */,
				DB9B9DA3243845FB005AB990 /* CacheLayer */,
				DB9B9DA2243845F2005AB990 /* PresentationLayer */,
				DB8257F62441B0A500A0CF60 /* Resources */,
				DB9B9D98243845B6005AB990 /* LaunchScreen.storyboard */,
				DB9B9D9B243845B6005AB990 /* Info.plist */,
			);
			path = CVApp;
			sourceTree = "<group>";
		};
		DB9B9DA1243845EA005AB990 /* ApplicationLayer */ = {
			isa = PBXGroup;
			children = (
				DB9B9DBB24386FB7005AB990 /* Application */,
				DB9B9DBD24386FD0005AB990 /* Services */,
			);
			path = ApplicationLayer;
			sourceTree = "<group>";
		};
		DB9B9DA2243845F2005AB990 /* PresentationLayer */ = {
			isa = PBXGroup;
			children = (
				DB7D30AE244169EF007E5F0A /* AppCoordinator.swift */,
				DB9B9DA52438463C005AB990 /* Screens */,
				DB9B9DAD24384749005AB990 /* Helpers */,
			);
			path = PresentationLayer;
			sourceTree = "<group>";
		};
		DB9B9DA3243845FB005AB990 /* CacheLayer */ = {
			isa = PBXGroup;
			children = (
				DBEABBB92445E125004D4901 /* Helpers */,
				DBEABBBA2445E12B004D4901 /* Storages */,
				DBEABBC52445F45D004D4901 /* CacheWorkers */,
			);
			path = CacheLayer;
			sourceTree = "<group>";
		};
		DB9B9DA42438461E005AB990 /* NetworkLayer */ = {
			isa = PBXGroup;
			children = (
				DB8258082441F6BE00A0CF60 /* Helpers */,
				DBEABBAB244336A7004D4901 /* WebAPIWorkers */,
			);
			path = NetworkLayer;
			sourceTree = "<group>";
		};
		DB9B9DA52438463C005AB990 /* Screens */ = {
			isa = PBXGroup;
			children = (
				DB9B9DD22438AE58005AB990 /* Authorisation */,
				DB9B9DA624384644005AB990 /* MainTabBar */,
				DB9B9DA72438464B005AB990 /* SkillsList */,
				DB9B9DA824384650005AB990 /* Settings */,
			);
			path = Screens;
			sourceTree = "<group>";
		};
		DB9B9DA624384644005AB990 /* MainTabBar */ = {
			isa = PBXGroup;
			children = (
				DB9B9DA9243846A7005AB990 /* MainTabBarController.swift */,
				DB8257DA24416E7E00A0CF60 /* MainTabBarCoordinator.swift */,
			);
			path = MainTabBar;
			sourceTree = "<group>";
		};
		DB9B9DA72438464B005AB990 /* SkillsList */ = {
			isa = PBXGroup;
			children = (
				DB1BC691244AB02B00FCA643 /* Screen */,
				DB1BC692244AB03300FCA643 /* Helpers */,
			);
			path = SkillsList;
			sourceTree = "<group>";
		};
		DB9B9DA824384650005AB990 /* Settings */ = {
			isa = PBXGroup;
			children = (
				DB7D30A6244046BB007E5F0A /* Settings */,
				DB7D30A7244046C7007E5F0A /* ChangeName */,
				DBEABC0624474D79004D4901 /* ChangeTheme */,
				DB1BC6782449E7F300FCA643 /* ChangeLanguage */,
			);
			path = Settings;
			sourceTree = "<group>";
		};
		DB9B9DAD24384749005AB990 /* Helpers */ = {
			isa = PBXGroup;
			children = (
				DBEABC1B244804BC004D4901 /* Models */,
				DBEABBA124432418004D4901 /* Protocols */,
				DB8257ED244190DB00A0CF60 /* Actions */,
				DB8257E4244176EB00A0CF60 /* Extensions */,
				DB9B9DD82438BAAB005AB990 /* Views */,
				DB9B9DAE2438475C005AB990 /* Controllers */,
			);
			path = Helpers;
			sourceTree = "<group>";
		};
		DB9B9DAE2438475C005AB990 /* Controllers */ = {
			isa = PBXGroup;
			children = (
				DB9B9DAF24384768005AB990 /* ScreenController.swift */,
				DB9B9DB324385BFE005AB990 /* SwipeNavigationController.swift */,
				DB8257E724418BAE00A0CF60 /* TableViewController.swift */,
				DB8257E924418E4400A0CF60 /* TableCellConfigurator.swift */,
				DBEABBDA2446F6FA004D4901 /* ContainerTableCellConfigurator.swift */,
			);
			path = Controllers;
			sourceTree = "<group>";
		};
		DB9B9DBB24386FB7005AB990 /* Application */ = {
			isa = PBXGroup;
			children = (
				DB9B9DB9243867A5005AB990 /* main.swift */,
				DB9B9DB7243866C5005AB990 /* Application.swift */,
			);
			path = Application;
			sourceTree = "<group>";
		};
		DB9B9DBD24386FD0005AB990 /* Services */ = {
			isa = PBXGroup;
			children = (
				DB82582F244312E700A0CF60 /* Services */,
				DB82582E244312E200A0CF60 /* Helpers */,
			);
			path = Services;
			sourceTree = "<group>";
		};
		DB9B9DD22438AE58005AB990 /* Authorisation */ = {
			isa = PBXGroup;
			children = (
				DB9B9DD72438B97C005AB990 /* AuthPhoneInput */,
				DB9B9DE22438C668005AB990 /* AuthOTPInput */,
			);
			path = Authorisation;
			sourceTree = "<group>";
		};
		DB9B9DD72438B97C005AB990 /* AuthPhoneInput */ = {
			isa = PBXGroup;
			children = (
				DB9B9DD32438AE6B005AB990 /* AuthPhoneInputVC.swift */,
				DB8257FA2441B6B100A0CF60 /* AuthPhoneInputView.swift */,
				DB8257FE2441B70900A0CF60 /* AuthPhoneInputCoordinator.swift */,
			);
			path = AuthPhoneInput;
			sourceTree = "<group>";
		};
		DB9B9DD82438BAAB005AB990 /* Views */ = {
			isa = PBXGroup;
			children = (
				DB9B9DD92438BAB5005AB990 /* InitView.swift */,
				DB8257EB24418EAE00A0CF60 /* ContainerTableCell.swift */,
				DBEABBE02446FEFB004D4901 /* AvatarView.swift */,
				DBEABBE224470259004D4901 /* ImageButtonView.swift */,
				DBB9B74D244883D400CF4E8B /* ScreenNavigationBarView.swift */,
				DBB9B74F24488BA700CF4E8B /* LeftNavigationButtonView.swift */,
				DBB9B75124488CF400CF4E8B /* TitledNavigationBarView.swift */,
			);
			path = Views;
			sourceTree = "<group>";
		};
		DB9B9DE22438C668005AB990 /* AuthOTPInput */ = {
			isa = PBXGroup;
			children = (
				DB9B9DE32438C67A005AB990 /* AuthOTPInputVC.swift */,
				DBEABBA8244328D1004D4901 /* AuthOTPInputView.swift */,
				DBEABBA624432848004D4901 /* AuthOTPInputCoordinator.swift */,
			);
			path = AuthOTPInput;
			sourceTree = "<group>";
		};
		DBB9B7552448B6CA00CF4E8B /* Appearance */ = {
			isa = PBXGroup;
			children = (
				DBEABC192448047D004D4901 /* Appearance.swift */,
				DBB9B7602449503000CF4E8B /* AppearancesFactory.swift */,
			);
			path = Appearance;
			sourceTree = "<group>";
		};
		DBB9B7562448B6D300CF4E8B /* StatusBarStyle */ = {
			isa = PBXGroup;
			children = (
				DBB9B7532448B68500CF4E8B /* StatusBarStyle.swift */,
				DBB9B7572448B78600CF4E8B /* StatusBarStyleConvertor.swift */,
			);
			path = StatusBarStyle;
			sourceTree = "<group>";
		};
		DBB9B75924494D9700CF4E8B /* Themes */ = {
			isa = PBXGroup;
			children = (
				DBEABBFD24474A3B004D4901 /* ThemesService.swift */,
				DBEABC1524475488004D4901 /* CurrentThemeChangedNotifier.swift */,
			);
			path = Themes;
			sourceTree = "<group>";
		};
		DBB9B75A24494DA000CF4E8B /* Appearance */ = {
			isa = PBXGroup;
			children = (
				DBEABC1C244809A0004D4901 /* AppearanceService.swift */,
				DBEABC2024480A74004D4901 /* CurrentAppearanceChangedNotifier.swift */,
			);
			path = Appearance;
			sourceTree = "<group>";
		};
		DBB9B75B24494ED800CF4E8B /* Language */ = {
			isa = PBXGroup;
			children = (
				DBB9B75C24494EE800CF4E8B /* Language.swift */,
				DBB9B7622449516000CF4E8B /* LanguageType.swift */,
				DBB9B75E24494FC600CF4E8B /* LanguagesFactory.swift */,
			);
			path = Language;
			sourceTree = "<group>";
		};
		DBB9B764244953E200CF4E8B /* Languages */ = {
			isa = PBXGroup;
			children = (
				DBB9B765244953F000CF4E8B /* LanguagesService.swift */,
				DB1BC6742449E51500FCA643 /* StringsLocalizeService.swift */,
				DB1BC6762449E5ED00FCA643 /* CurrentLanguageChangedNotifier.swift */,
			);
			path = Languages;
			sourceTree = "<group>";
		};
		DBEABBA124432418004D4901 /* Protocols */ = {
			isa = PBXGroup;
			children = (
				DBEABBA224432437004D4901 /* OverScreenLoaderDisplayable.swift */,
				DBEABC22244820DE004D4901 /* AppearanceView.swift */,
			);
			path = Protocols;
			sourceTree = "<group>";
		};
		DBEABBAB244336A7004D4901 /* WebAPIWorkers */ = {
			isa = PBXGroup;
			children = (
				DB8258042441F4EC00A0CF60 /* RequestOTPWebAPIWorker.swift */,
				DBEABBAC244336BE004D4901 /* AuthConfirmOTPWebAPIWorker.swift */,
			);
			path = WebAPIWorkers;
			sourceTree = "<group>";
		};
		DBEABBAE244337E2004D4901 /* JSON */ = {
			isa = PBXGroup;
			children = (
				DBEABBAF244337EA004D4901 /* JSON.swift */,
			);
			path = JSON;
			sourceTree = "<group>";
		};
		DBEABBB12443384C004D4901 /* User */ = {
			isa = PBXGroup;
			children = (
				DBEABBB224433854004D4901 /* User.swift */,
				DBEABBB424433879004D4901 /* UserJSONConvertor.swift */,
			);
			path = User;
			sourceTree = "<group>";
		};
		DBEABBB92445E125004D4901 /* Helpers */ = {
			isa = PBXGroup;
			children = (
				DBEABBC82445F5BF004D4901 /* CacheWorkersFactory.swift */,
			);
			path = Helpers;
			sourceTree = "<group>";
		};
		DBEABBBA2445E12B004D4901 /* Storages */ = {
			isa = PBXGroup;
			children = (
				DBEABBBB2445E14B004D4901 /* SyncStorage.swift */,
				DBEABBBD2445E15B004D4901 /* AsyncStorage.swift */,
				DBEABBC12445E1A7004D4901 /* UserDefaultsStorage.swift */,
				DBEABBC32445E409004D4901 /* CoreDataStorage.swift */,
			);
			path = Storages;
			sourceTree = "<group>";
		};
		DBEABBC52445F45D004D4901 /* CacheWorkers */ = {
			isa = PBXGroup;
			children = (
				DBEABBC62445F475004D4901 /* CurrentUserCacheWorker.swift */,
				DBEABBCC2445F76E004D4901 /* AuthTokenCacheWorker.swift */,
				DBEABC17244761B7004D4901 /* CurrentThemeCacheWorker.swift */,
				DB1BC6802449EE1100FCA643 /* CurrentLanguageCacheWorker.swift */,
			);
			path = CacheWorkers;
			sourceTree = "<group>";
		};
		DBEABBD52446F554004D4901 /* Screen */ = {
			isa = PBXGroup;
			children = (
				DB9B9DB12438479F005AB990 /* SettingsVC.swift */,
				DBEABBD02445FFDF004D4901 /* SettingsView.swift */,
				DB8257DC24416F4300A0CF60 /* SettingsCoordinator.swift */,
			);
			path = Screen;
			sourceTree = "<group>";
		};
		DBEABBD62446F55F004D4901 /* Helpers */ = {
			isa = PBXGroup;
			children = (
				DBEABBD72446F67B004D4901 /* ChangeAvatar */,
				DBEABBE724471150004D4901 /* ChangeName */,
				DBEABBEF24471691004D4901 /* ChangeLanguage */,
				DBEABBF424471A1A004D4901 /* ChangeTheme */,
				DBEABBF724471AC9004D4901 /* SignOut */,
			);
			path = Helpers;
			sourceTree = "<group>";
		};
		DBEABBD72446F67B004D4901 /* ChangeAvatar */ = {
			isa = PBXGroup;
			children = (
				DBEABBDE2446F9DD004D4901 /* ChangeAvatarItemView.swift */,
				DBEABBD82446F69A004D4901 /* ChangeAvatarCellConfigurator.swift */,
			);
			path = ChangeAvatar;
			sourceTree = "<group>";
		};
		DBEABBE424470EA6004D4901 /* Bindable */ = {
			isa = PBXGroup;
			children = (
				DBEABBE524470EE8004D4901 /* Bindable.swift */,
			);
			path = Bindable;
			sourceTree = "<group>";
		};
		DBEABBE724471150004D4901 /* ChangeName */ = {
			isa = PBXGroup;
			children = (
				DBEABBE8244711BD004D4901 /* ChangeNameItemView.swift */,
				DBEABBEA24471388004D4901 /* ChangeNameItemCellConfigurator.swift */,
			);
			path = ChangeName;
			sourceTree = "<group>";
		};
		DBEABBEF24471691004D4901 /* ChangeLanguage */ = {
			isa = PBXGroup;
			children = (
				DBEABBF0244716A8004D4901 /* ChangeLanguageItemView.swift */,
				DBEABBF2244718B4004D4901 /* ChangeLanguageItemCellConfigurator.swift */,
			);
			path = ChangeLanguage;
			sourceTree = "<group>";
		};
		DBEABBF424471A1A004D4901 /* ChangeTheme */ = {
			isa = PBXGroup;
			children = (
				DBEABBF524471A36004D4901 /* ChangeThemeItemCellConfigurator.swift */,
			);
			path = ChangeTheme;
			sourceTree = "<group>";
		};
		DBEABBF724471AC9004D4901 /* SignOut */ = {
			isa = PBXGroup;
			children = (
				DBEABBF824471ADD004D4901 /* SignOutItemView.swift */,
				DBEABBFA24471BD7004D4901 /* SignOutItemCellConfigurator.swift */,
			);
			path = SignOut;
			sourceTree = "<group>";
		};
		DBEABBFF24474A7B004D4901 /* Theme */ = {
			isa = PBXGroup;
			children = (
				DBEABC0024474A9D004D4901 /* Theme.swift */,
				DBEABC0224474ACC004D4901 /* ThemeType.swift */,
				DBEABC0424474B12004D4901 /* ThemesFactory.swift */,
			);
			path = Theme;
			sourceTree = "<group>";
		};
		DBEABC0624474D79004D4901 /* ChangeTheme */ = {
			isa = PBXGroup;
			children = (
				DBEABC0724474D87004D4901 /* Screen */,
				DBEABC0824474D92004D4901 /* Helpers */,
			);
			path = ChangeTheme;
			sourceTree = "<group>";
		};
		DBEABC0724474D87004D4901 /* Screen */ = {
			isa = PBXGroup;
			children = (
				DBEABC0924474DA3004D4901 /* ChangeThemeVC.swift */,
				DBEABC0B24474DCB004D4901 /* ChangeThemeView.swift */,
				DBEABC0D24474E52004D4901 /* ChangeThemeCoordinator.swift */,
			);
			path = Screen;
			sourceTree = "<group>";
		};
		DBEABC0824474D92004D4901 /* Helpers */ = {
			isa = PBXGroup;
			children = (
				DBEABC0F24474F77004D4901 /* SelectionListItem */,
			);
			path = Helpers;
			sourceTree = "<group>";
		};
		DBEABC0F24474F77004D4901 /* SelectionListItem */ = {
			isa = PBXGroup;
			children = (
				DBEABC1024474F8C004D4901 /* SelectionListItemView.swift */,
				DBEABC12244750F9004D4901 /* SelectionListItemCellConfigurator.swift */,
			);
			path = SelectionListItem;
			sourceTree = "<group>";
		};
		DBEABC142447546F004D4901 /* Themes */ = {
			isa = PBXGroup;
			children = (
				DBB9B75924494D9700CF4E8B /* Themes */,
				DBB9B75A24494DA000CF4E8B /* Appearance */,
			);
			path = Themes;
			sourceTree = "<group>";
		};
		DBEABC1B244804BC004D4901 /* Models */ = {
			isa = PBXGroup;
			children = (
				DBB9B7552448B6CA00CF4E8B /* Appearance */,
				DBB9B7562448B6D300CF4E8B /* StatusBarStyle */,
			);
			path = Models;
			sourceTree = "<group>";
		};
/* End PBXGroup section */

/* Begin PBXNativeTarget section */
		DB9B9D89243845B5005AB990 /* CVApp */ = {
			isa = PBXNativeTarget;
			buildConfigurationList = DB9B9D9E243845B6005AB990 /* Build configuration list for PBXNativeTarget "CVApp" */;
			buildPhases = (
				FFDCC74EC8527FBE5A2D0C9E /* [CP] Check Pods Manifest.lock */,
				DB9B9D86243845B5005AB990 /* Sources */,
				DB9B9D87243845B5005AB990 /* Frameworks */,
				DB9B9D88243845B5005AB990 /* Resources */,
				0C4CE5111DEC8205158AD65F /* [CP] Embed Pods Frameworks */,
			);
			buildRules = (
			);
			dependencies = (
			);
			name = CVApp;
			productName = CVApp;
			productReference = DB9B9D8A243845B5005AB990 /* CVApp.app */;
			productType = "com.apple.product-type.application";
		};
/* End PBXNativeTarget section */

/* Begin PBXProject section */
		DB9B9D82243845B5005AB990 /* Project object */ = {
			isa = PBXProject;
			attributes = {
				LastSwiftUpdateCheck = 1130;
				LastUpgradeCheck = 1130;
				ORGANIZATIONNAME = "Oleksandr Orlov";
				TargetAttributes = {
					DB9B9D89243845B5005AB990 = {
						CreatedOnToolsVersion = 11.3.1;
					};
				};
			};
			buildConfigurationList = DB9B9D85243845B5005AB990 /* Build configuration list for PBXProject "CVApp" */;
			compatibilityVersion = "Xcode 9.3";
			developmentRegion = en;
			hasScannedForEncodings = 0;
			knownRegions = (
				en,
				Base,
				ru,
			);
			mainGroup = DB9B9D81243845B5005AB990;
			productRefGroup = DB9B9D8B243845B5005AB990 /* Products */;
			projectDirPath = "";
			projectRoot = "";
			targets = (
				DB9B9D89243845B5005AB990 /* CVApp */,
			);
		};
/* End PBXProject section */

/* Begin PBXResourcesBuildPhase section */
		DB9B9D88243845B5005AB990 /* Resources */ = {
			isa = PBXResourcesBuildPhase;
			buildActionMask = 2147483647;
			files = (
				DB9B9D9A243845B6005AB990 /* LaunchScreen.storyboard in Resources */,
				DB1BC6882449FC1400FCA643 /* Localizable.strings in Resources */,
				DB9B9D97243845B6005AB990 /* Assets.xcassets in Resources */,
			);
			runOnlyForDeploymentPostprocessing = 0;
		};
/* End PBXResourcesBuildPhase section */

/* Begin PBXShellScriptBuildPhase section */
		0C4CE5111DEC8205158AD65F /* [CP] Embed Pods Frameworks */ = {
			isa = PBXShellScriptBuildPhase;
			buildActionMask = 2147483647;
			files = (
			);
			inputFileListPaths = (
				"${PODS_ROOT}/Target Support Files/Pods-CVApp/Pods-CVApp-frameworks-${CONFIGURATION}-input-files.xcfilelist",
			);
			name = "[CP] Embed Pods Frameworks";
			outputFileListPaths = (
				"${PODS_ROOT}/Target Support Files/Pods-CVApp/Pods-CVApp-frameworks-${CONFIGURATION}-output-files.xcfilelist",
			);
			runOnlyForDeploymentPostprocessing = 0;
			shellPath = /bin/sh;
			shellScript = "\"${PODS_ROOT}/Target Support Files/Pods-CVApp/Pods-CVApp-frameworks.sh\"\n";
			showEnvVarsInLog = 0;
		};
		FFDCC74EC8527FBE5A2D0C9E /* [CP] Check Pods Manifest.lock */ = {
			isa = PBXShellScriptBuildPhase;
			buildActionMask = 2147483647;
			files = (
			);
			inputFileListPaths = (
			);
			inputPaths = (
				"${PODS_PODFILE_DIR_PATH}/Podfile.lock",
				"${PODS_ROOT}/Manifest.lock",
			);
			name = "[CP] Check Pods Manifest.lock";
			outputFileListPaths = (
			);
			outputPaths = (
				"$(DERIVED_FILE_DIR)/Pods-CVApp-checkManifestLockResult.txt",
			);
			runOnlyForDeploymentPostprocessing = 0;
			shellPath = /bin/sh;
			shellScript = "diff \"${PODS_PODFILE_DIR_PATH}/Podfile.lock\" \"${PODS_ROOT}/Manifest.lock\" > /dev/null\nif [ $? != 0 ] ; then\n    # print error to STDERR\n    echo \"error: The sandbox is not in sync with the Podfile.lock. Run 'pod install' or update your CocoaPods installation.\" >&2\n    exit 1\nfi\n# This output is used by Xcode 'outputs' to avoid re-running this script phase.\necho \"SUCCESS\" > \"${SCRIPT_OUTPUT_FILE_0}\"\n";
			showEnvVarsInLog = 0;
		};
/* End PBXShellScriptBuildPhase section */

/* Begin PBXSourcesBuildPhase section */
		DB9B9D86243845B5005AB990 /* Sources */ = {
			isa = PBXSourcesBuildPhase;
			buildActionMask = 2147483647;
			files = (
				DB82582424430F7700A0CF60 /* ServiceError.swift in Sources */,
				DBEABBA724432848004D4901 /* AuthOTPInputCoordinator.swift in Sources */,
				DBEABBA5244325A8004D4901 /* ServiceResultConvertor.swift in Sources */,
				DBEABC23244820DE004D4901 /* AppearanceView.swift in Sources */,
				DB8258072441F60100A0CF60 /* URLSessionWebAPIWorker.swift in Sources */,
				DBEABBDF2446F9DD004D4901 /* ChangeAvatarItemView.swift in Sources */,
				DB1BC697244AB2E100FCA643 /* UIFont+Extension.swift in Sources */,
				DB8257FB2441B6B100A0CF60 /* AuthPhoneInputView.swift in Sources */,
				DBEABC13244750F9004D4901 /* SelectionListItemCellConfigurator.swift in Sources */,
				DBB9B7612449503000CF4E8B /* AppearancesFactory.swift in Sources */,
				DBEABC1D244809A0004D4901 /* AppearanceService.swift in Sources */,
				DBB9B7632449516000CF4E8B /* LanguageType.swift in Sources */,
				DBEABBE624470EE8004D4901 /* Bindable.swift in Sources */,
				DBEABBA02443160E004D4901 /* UIView+Extension.swift in Sources */,
				DB7D30AF244169EF007E5F0A /* AppCoordinator.swift in Sources */,
				DB9B9DB8243866C5005AB990 /* Application.swift in Sources */,
				DB8257F12441ABE100A0CF60 /* SkillsListView.swift in Sources */,
				DB7D30B124416D37007E5F0A /* SkillsListCoordinator.swift in Sources */,
				DB1BC6A3244ABFF800FCA643 /* HeaderItemView.swift in Sources */,
				DBEABBCB2445F693004D4901 /* CurrentUserService.swift in Sources */,
				DB8257DD24416F4300A0CF60 /* SettingsCoordinator.swift in Sources */,
				DBEABC2124480A74004D4901 /* CurrentAppearanceChangedNotifier.swift in Sources */,
				DB1BC695244AB05B00FCA643 /* UserDetailsItemView.swift in Sources */,
				DB9B9DDA2438BAB5005AB990 /* InitView.swift in Sources */,
				DB9B9DB424385BFE005AB990 /* SwipeNavigationController.swift in Sources */,
				DBEABBB524433879004D4901 /* UserJSONConvertor.swift in Sources */,
				DBEABBBC2445E14B004D4901 /* SyncStorage.swift in Sources */,
				DBEABBBE2445E15B004D4901 /* AsyncStorage.swift in Sources */,
				DB1BC699244AB39C00FCA643 /* UserDetailsItemCellConfigurator.swift in Sources */,
				DB8257DB24416E7E00A0CF60 /* MainTabBarCoordinator.swift in Sources */,
				DB82582B2443105500A0CF60 /* CacheResult.swift in Sources */,
				DB9B9DAA243846A7005AB990 /* MainTabBarController.swift in Sources */,
				DB8257EF244190E400A0CF60 /* VoidAction.swift in Sources */,
				DB82581D2441FE1300A0CF60 /* ServiceResult.swift in Sources */,
				DB9B9DD42438AE6B005AB990 /* AuthPhoneInputVC.swift in Sources */,
				DB1BC69E244AB9EF00FCA643 /* ContactItemCellConfigurator.swift in Sources */,
				DB8257E6244176F900A0CF60 /* UIViewController+Navigation.swift in Sources */,
				DB8258032441C5C800A0CF60 /* UIButton+Extension.swift in Sources */,
				DBEABC1F244809E2004D4901 /* UIColor+Extension.swift in Sources */,
				DB82582D2443116B00A0CF60 /* RequestOTPService.swift in Sources */,
				DB9B9DBA243867A5005AB990 /* main.swift in Sources */,
				DB1BC6752449E51500FCA643 /* StringsLocalizeService.swift in Sources */,
				DBEABC18244761B7004D4901 /* CurrentThemeCacheWorker.swift in Sources */,
				DB7D30A9244046DA007E5F0A /* ChangeNameVC.swift in Sources */,
				DBB9B75F24494FC600CF4E8B /* LanguagesFactory.swift in Sources */,
				DBEABBD12445FFDF004D4901 /* SettingsView.swift in Sources */,
				DBEABBFB24471BD7004D4901 /* SignOutItemCellConfigurator.swift in Sources */,
				DB8257EA24418E4400A0CF60 /* TableCellConfigurator.swift in Sources */,
				DBB9B75024488BA700CF4E8B /* LeftNavigationButtonView.swift in Sources */,
				DB1BC6812449EE1100FCA643 /* CurrentLanguageCacheWorker.swift in Sources */,
				DB9B9DBF24386FDE005AB990 /* ServicesFactory.swift in Sources */,
				DB82582624430F8C00A0CF60 /* WebAPIError.swift in Sources */,
				DBEABC0324474ACC004D4901 /* ThemeType.swift in Sources */,
				DB9B9DC124387014005AB990 /* SettingsService.swift in Sources */,
				DBEABBAD244336BE004D4901 /* AuthConfirmOTPWebAPIWorker.swift in Sources */,
				DBB9B75D24494EE800CF4E8B /* Language.swift in Sources */,
				DBEABBE324470259004D4901 /* ImageButtonView.swift in Sources */,
				DB82580C2441F98E00A0CF60 /* WebAPIWorkersFactory.swift in Sources */,
				DBEABBB0244337EA004D4901 /* JSON.swift in Sources */,
				DBEABBE12446FEFB004D4901 /* AvatarView.swift in Sources */,
				DBEABBEB24471388004D4901 /* ChangeNameItemCellConfigurator.swift in Sources */,
				DBB9B74E244883D400CF4E8B /* ScreenNavigationBarView.swift in Sources */,
				DBEABBF624471A36004D4901 /* ChangeThemeItemCellConfigurator.swift in Sources */,
				DBEABC1624475488004D4901 /* CurrentThemeChangedNotifier.swift in Sources */,
				DBB9B766244953F000CF4E8B /* LanguagesService.swift in Sources */,
				DBEABBE9244711BD004D4901 /* ChangeNameItemView.swift in Sources */,
				DB1BC67F2449E99E00FCA643 /* ChangeLanguageCoordinator.swift in Sources */,
				DB82582824430F9F00A0CF60 /* CacheError.swift in Sources */,
				DB8258172441FD5000A0CF60 /* WebAPIResult.swift in Sources */,
				DBEABBD92446F69A004D4901 /* ChangeAvatarCellConfigurator.swift in Sources */,
				DBEABBCD2445F76E004D4901 /* AuthTokenCacheWorker.swift in Sources */,
				DBEABC0124474A9D004D4901 /* Theme.swift in Sources */,
				DB9B9DAC24384735005AB990 /* SkillsListVC.swift in Sources */,
				DBEABBA324432437004D4901 /* OverScreenLoaderDisplayable.swift in Sources */,
				DBEABBC42445E409004D4901 /* CoreDataStorage.swift in Sources */,
				DB8257EC24418EAE00A0CF60 /* ContainerTableCell.swift in Sources */,
				DBEABC1A2448047D004D4901 /* Appearance.swift in Sources */,
				DBEABBDB2446F6FA004D4901 /* ContainerTableCellConfigurator.swift in Sources */,
				DB9B9DE42438C67A005AB990 /* AuthOTPInputVC.swift in Sources */,
				DB1BC67D2449E82C00FCA643 /* ChangeLanguageView.swift in Sources */,
				DB9B9DB024384768005AB990 /* ScreenController.swift in Sources */,
				DB8257F92441B0C200A0CF60 /* AssetsFactory.swift in Sources */,
				DBEABBB324433854004D4901 /* User.swift in Sources */,
				DB1BC6A5244AC0D300FCA643 /* HeaderItemCellConfigurator.swift in Sources */,
				DB82580A2441F73D00A0CF60 /* URLRequestComposer.swift in Sources */,
				DB9B9DB22438479F005AB990 /* SettingsVC.swift in Sources */,
				DB8257FF2441B70900A0CF60 /* AuthPhoneInputCoordinator.swift in Sources */,
				DBEABBC92445F5BF004D4901 /* CacheWorkersFactory.swift in Sources */,
				DBEABC0A24474DA3004D4901 /* ChangeThemeVC.swift in Sources */,
				DB8258052441F4EC00A0CF60 /* RequestOTPWebAPIWorker.swift in Sources */,
				DBEABBB7244339A2004D4901 /* AuthConfirmOTPService.swift in Sources */,
				DB1BC67B2449E81A00FCA643 /* ChangeLanguageVC.swift in Sources */,
				DBEABBF924471ADD004D4901 /* SignOutItemView.swift in Sources */,
				DBEABBA9244328D1004D4901 /* AuthOTPInputView.swift in Sources */,
				DBB9B7582448B78600CF4E8B /* StatusBarStyleConvertor.swift in Sources */,
				DBEABBF3244718B4004D4901 /* ChangeLanguageItemCellConfigurator.swift in Sources */,
				DB1BC6772449E5ED00FCA643 /* CurrentLanguageChangedNotifier.swift in Sources */,
				DBEABC0C24474DCB004D4901 /* ChangeThemeView.swift in Sources */,
				DBEABBC72445F475004D4901 /* CurrentUserCacheWorker.swift in Sources */,
				DB1BC69C244AB81700FCA643 /* ContactItemView.swift in Sources */,
				DB8257E824418BAE00A0CF60 /* TableViewController.swift in Sources */,
				DBEABC0524474B12004D4901 /* ThemesFactory.swift in Sources */,
				DBEABC0E24474E52004D4901 /* ChangeThemeCoordinator.swift in Sources */,
				DBEABC1124474F8C004D4901 /* SelectionListItemView.swift in Sources */,
				DBEABBC22445E1A7004D4901 /* UserDefaultsStorage.swift in Sources */,
				DB1BC690244AAB0E00FCA643 /* Array+Extension.swift in Sources */,
				DBB9B75224488CF400CF4E8B /* TitledNavigationBarView.swift in Sources */,
				DB8257E3244175A600A0CF60 /* ChangeNameCoordinator.swift in Sources */,
				DBEABBCF2445FC82004D4901 /* SignOutService.swift in Sources */,
				DBEABBFE24474A3B004D4901 /* ThemesService.swift in Sources */,
				DBEABBDD2446F7E9004D4901 /* UITableView+Extension.swift in Sources */,
				DBEABBF1244716A8004D4901 /* ChangeLanguageItemView.swift in Sources */,
				DBB9B7542448B68500CF4E8B /* StatusBarStyle.swift in Sources */,
			);
			runOnlyForDeploymentPostprocessing = 0;
		};
/* End PBXSourcesBuildPhase section */

/* Begin PBXVariantGroup section */
		DB1BC68A2449FC1400FCA643 /* Localizable.strings */ = {
			isa = PBXVariantGroup;
			children = (
				DB1BC6892449FC1400FCA643 /* en */,
				DB1BC68C2449FC6D00FCA643 /* ru */,
			);
			name = Localizable.strings;
			sourceTree = "<group>";
		};
		DB9B9D98243845B6005AB990 /* LaunchScreen.storyboard */ = {
			isa = PBXVariantGroup;
			children = (
				DB9B9D99243845B6005AB990 /* Base */,
				DB1BC6822449FBC700FCA643 /* ru */,
				DB1BC6842449FBD700FCA643 /* en */,
			);
			name = LaunchScreen.storyboard;
			sourceTree = "<group>";
		};
/* End PBXVariantGroup section */

/* Begin XCBuildConfiguration section */
		DB9B9D9C243845B6005AB990 /* Debug */ = {
			isa = XCBuildConfiguration;
			buildSettings = {
				ALWAYS_SEARCH_USER_PATHS = NO;
				CLANG_ANALYZER_LOCALIZABILITY_NONLOCALIZED = YES;
				CLANG_ANALYZER_NONNULL = YES;
				CLANG_ANALYZER_NUMBER_OBJECT_CONVERSION = YES_AGGRESSIVE;
				CLANG_CXX_LANGUAGE_STANDARD = "gnu++14";
				CLANG_CXX_LIBRARY = "libc++";
				CLANG_ENABLE_MODULES = YES;
				CLANG_ENABLE_OBJC_ARC = YES;
				CLANG_ENABLE_OBJC_WEAK = YES;
				CLANG_WARN_BLOCK_CAPTURE_AUTORELEASING = YES;
				CLANG_WARN_BOOL_CONVERSION = YES;
				CLANG_WARN_COMMA = YES;
				CLANG_WARN_CONSTANT_CONVERSION = YES;
				CLANG_WARN_DEPRECATED_OBJC_IMPLEMENTATIONS = YES;
				CLANG_WARN_DIRECT_OBJC_ISA_USAGE = YES_ERROR;
				CLANG_WARN_DOCUMENTATION_COMMENTS = YES;
				CLANG_WARN_EMPTY_BODY = YES;
				CLANG_WARN_ENUM_CONVERSION = YES;
				CLANG_WARN_INFINITE_RECURSION = YES;
				CLANG_WARN_INT_CONVERSION = YES;
				CLANG_WARN_NON_LITERAL_NULL_CONVERSION = YES;
				CLANG_WARN_OBJC_IMPLICIT_RETAIN_SELF = YES;
				CLANG_WARN_OBJC_LITERAL_CONVERSION = YES;
				CLANG_WARN_OBJC_ROOT_CLASS = YES_ERROR;
				CLANG_WARN_RANGE_LOOP_ANALYSIS = YES;
				CLANG_WARN_STRICT_PROTOTYPES = YES;
				CLANG_WARN_SUSPICIOUS_MOVE = YES;
				CLANG_WARN_UNGUARDED_AVAILABILITY = YES_AGGRESSIVE;
				CLANG_WARN_UNREACHABLE_CODE = YES;
				CLANG_WARN__DUPLICATE_METHOD_MATCH = YES;
				COPY_PHASE_STRIP = NO;
				DEBUG_INFORMATION_FORMAT = dwarf;
				ENABLE_STRICT_OBJC_MSGSEND = YES;
				ENABLE_TESTABILITY = YES;
				GCC_C_LANGUAGE_STANDARD = gnu11;
				GCC_DYNAMIC_NO_PIC = NO;
				GCC_NO_COMMON_BLOCKS = YES;
				GCC_OPTIMIZATION_LEVEL = 0;
				GCC_PREPROCESSOR_DEFINITIONS = (
					"DEBUG=1",
					"$(inherited)",
				);
				GCC_WARN_64_TO_32_BIT_CONVERSION = YES;
				GCC_WARN_ABOUT_RETURN_TYPE = YES_ERROR;
				GCC_WARN_UNDECLARED_SELECTOR = YES;
				GCC_WARN_UNINITIALIZED_AUTOS = YES_AGGRESSIVE;
				GCC_WARN_UNUSED_FUNCTION = YES;
				GCC_WARN_UNUSED_VARIABLE = YES;
				IPHONEOS_DEPLOYMENT_TARGET = 11.0;
				MTL_ENABLE_DEBUG_INFO = INCLUDE_SOURCE;
				MTL_FAST_MATH = YES;
				ONLY_ACTIVE_ARCH = YES;
				SDKROOT = iphoneos;
				SWIFT_ACTIVE_COMPILATION_CONDITIONS = DEBUG;
				SWIFT_OPTIMIZATION_LEVEL = "-Onone";
			};
			name = Debug;
		};
		DB9B9D9D243845B6005AB990 /* Release */ = {
			isa = XCBuildConfiguration;
			buildSettings = {
				ALWAYS_SEARCH_USER_PATHS = NO;
				CLANG_ANALYZER_LOCALIZABILITY_NONLOCALIZED = YES;
				CLANG_ANALYZER_NONNULL = YES;
				CLANG_ANALYZER_NUMBER_OBJECT_CONVERSION = YES_AGGRESSIVE;
				CLANG_CXX_LANGUAGE_STANDARD = "gnu++14";
				CLANG_CXX_LIBRARY = "libc++";
				CLANG_ENABLE_MODULES = YES;
				CLANG_ENABLE_OBJC_ARC = YES;
				CLANG_ENABLE_OBJC_WEAK = YES;
				CLANG_WARN_BLOCK_CAPTURE_AUTORELEASING = YES;
				CLANG_WARN_BOOL_CONVERSION = YES;
				CLANG_WARN_COMMA = YES;
				CLANG_WARN_CONSTANT_CONVERSION = YES;
				CLANG_WARN_DEPRECATED_OBJC_IMPLEMENTATIONS = YES;
				CLANG_WARN_DIRECT_OBJC_ISA_USAGE = YES_ERROR;
				CLANG_WARN_DOCUMENTATION_COMMENTS = YES;
				CLANG_WARN_EMPTY_BODY = YES;
				CLANG_WARN_ENUM_CONVERSION = YES;
				CLANG_WARN_INFINITE_RECURSION = YES;
				CLANG_WARN_INT_CONVERSION = YES;
				CLANG_WARN_NON_LITERAL_NULL_CONVERSION = YES;
				CLANG_WARN_OBJC_IMPLICIT_RETAIN_SELF = YES;
				CLANG_WARN_OBJC_LITERAL_CONVERSION = YES;
				CLANG_WARN_OBJC_ROOT_CLASS = YES_ERROR;
				CLANG_WARN_RANGE_LOOP_ANALYSIS = YES;
				CLANG_WARN_STRICT_PROTOTYPES = YES;
				CLANG_WARN_SUSPICIOUS_MOVE = YES;
				CLANG_WARN_UNGUARDED_AVAILABILITY = YES_AGGRESSIVE;
				CLANG_WARN_UNREACHABLE_CODE = YES;
				CLANG_WARN__DUPLICATE_METHOD_MATCH = YES;
				COPY_PHASE_STRIP = NO;
				DEBUG_INFORMATION_FORMAT = "dwarf-with-dsym";
				ENABLE_NS_ASSERTIONS = NO;
				ENABLE_STRICT_OBJC_MSGSEND = YES;
				GCC_C_LANGUAGE_STANDARD = gnu11;
				GCC_NO_COMMON_BLOCKS = YES;
				GCC_WARN_64_TO_32_BIT_CONVERSION = YES;
				GCC_WARN_ABOUT_RETURN_TYPE = YES_ERROR;
				GCC_WARN_UNDECLARED_SELECTOR = YES;
				GCC_WARN_UNINITIALIZED_AUTOS = YES_AGGRESSIVE;
				GCC_WARN_UNUSED_FUNCTION = YES;
				GCC_WARN_UNUSED_VARIABLE = YES;
				IPHONEOS_DEPLOYMENT_TARGET = 11.0;
				MTL_ENABLE_DEBUG_INFO = NO;
				MTL_FAST_MATH = YES;
				SDKROOT = iphoneos;
				SWIFT_COMPILATION_MODE = wholemodule;
				SWIFT_OPTIMIZATION_LEVEL = "-O";
				VALIDATE_PRODUCT = YES;
			};
			name = Release;
		};
		DB9B9D9F243845B6005AB990 /* Debug */ = {
			isa = XCBuildConfiguration;
			baseConfigurationReference = 18743504D8CEF6C9B6D28CCD /* Pods-CVApp.debug.xcconfig */;
			buildSettings = {
				ASSETCATALOG_COMPILER_APPICON_NAME = AppIcon;
				CODE_SIGN_STYLE = Automatic;
				INFOPLIST_FILE = CVApp/Info.plist;
				LD_RUNPATH_SEARCH_PATHS = (
					"$(inherited)",
					"@executable_path/Frameworks",
				);
				PRODUCT_BUNDLE_IDENTIFIER = OO.CVApp;
				PRODUCT_NAME = "$(TARGET_NAME)";
				SWIFT_VERSION = 5.0;
				TARGETED_DEVICE_FAMILY = "1,2";
			};
			name = Debug;
		};
		DB9B9DA0243845B6005AB990 /* Release */ = {
			isa = XCBuildConfiguration;
			baseConfigurationReference = 940231F80DB356143515AD00 /* Pods-CVApp.release.xcconfig */;
			buildSettings = {
				ASSETCATALOG_COMPILER_APPICON_NAME = AppIcon;
				CODE_SIGN_STYLE = Automatic;
				INFOPLIST_FILE = CVApp/Info.plist;
				LD_RUNPATH_SEARCH_PATHS = (
					"$(inherited)",
					"@executable_path/Frameworks",
				);
				PRODUCT_BUNDLE_IDENTIFIER = OO.CVApp;
				PRODUCT_NAME = "$(TARGET_NAME)";
				SWIFT_VERSION = 5.0;
				TARGETED_DEVICE_FAMILY = "1,2";
			};
			name = Release;
		};
/* End XCBuildConfiguration section */

/* Begin XCConfigurationList section */
		DB9B9D85243845B5005AB990 /* Build configuration list for PBXProject "CVApp" */ = {
			isa = XCConfigurationList;
			buildConfigurations = (
				DB9B9D9C243845B6005AB990 /* Debug */,
				DB9B9D9D243845B6005AB990 /* Release */,
			);
			defaultConfigurationIsVisible = 0;
			defaultConfigurationName = Release;
		};
		DB9B9D9E243845B6005AB990 /* Build configuration list for PBXNativeTarget "CVApp" */ = {
			isa = XCConfigurationList;
			buildConfigurations = (
				DB9B9D9F243845B6005AB990 /* Debug */,
				DB9B9DA0243845B6005AB990 /* Release */,
			);
			defaultConfigurationIsVisible = 0;
			defaultConfigurationName = Release;
		};
/* End XCConfigurationList section */
	};
	rootObject = DB9B9D82243845B5005AB990 /* Project object */;
}
